// !$*UTF8*$!
{
	archiveVersion = 1;
	classes = {
	};
	objectVersion = 77;
	objects = {

/* Begin PBXBuildFile section */
		478C78022F7902F4005FBDFE /* SwipeLingoShare.appex in Embed Foundation Extensions */ = {isa = PBXBuildFile; fileRef = 478C77F82F7902F4005FBDFE /* SwipeLingoShare.appex */; settings = {ATTRIBUTES = (RemoveHeadersOnCopy, ); }; };
/* End PBXBuildFile section */

/* Begin PBXContainerItemProxy section */
		474BFB702F3C825C006E639B /* PBXContainerItemProxy */ = {
			isa = PBXContainerItemProxy;
			containerPortal = 474BFB5A2F3C8255006E639B /* Project object */;
			proxyType = 1;
			remoteGlobalIDString = 474BFB612F3C8255006E639B;
			remoteInfo = SwipeLingo;
		};
		474BFB7A2F3C825C006E639B /* PBXContainerItemProxy */ = {
			isa = PBXContainerItemProxy;
			containerPortal = 474BFB5A2F3C8255006E639B /* Project object */;
			proxyType = 1;
			remoteGlobalIDString = 474BFB612F3C8255006E639B;
			remoteInfo = SwipeLingo;
		};
		478C78002F7902F4005FBDFE /* PBXContainerItemProxy */ = {
			isa = PBXContainerItemProxy;
			containerPortal = 474BFB5A2F3C8255006E639B /* Project object */;
			proxyType = 1;
			remoteGlobalIDString = 478C77F72F7902F4005FBDFE;
			remoteInfo = SwipeLingoShare;
		};
/* End PBXContainerItemProxy section */

/* Begin PBXCopyFilesBuildPhase section */
		478C78072F7902F4005FBDFE /* Embed Foundation Extensions */ = {
			isa = PBXCopyFilesBuildPhase;
			buildActionMask = 2147483647;
			dstPath = "";
			dstSubfolderSpec = 13;
			files = (
				478C78022F7902F4005FBDFE /* SwipeLingoShare.appex in Embed Foundation Extensions */,
			);
			name = "Embed Foundation Extensions";
			runOnlyForDeploymentPostprocessing = 0;
		};
/* End PBXCopyFilesBuildPhase section */

/* Begin PBXFileReference section */
		474BFB622F3C8255006E639B /* SwipeLingo.app */ = {isa = PBXFileReference; explicitFileType = wrapper.application; includeInIndex = 0; path = SwipeLingo.app; sourceTree = BUILT_PRODUCTS_DIR; };
		474BFB6F2F3C825C006E639B /* SwipeLingoTests.xctest */ = {isa = PBXFileReference; explicitFileType = wrapper.cfbundle; includeInIndex = 0; path = SwipeLingoTests.xctest; sourceTree = BUILT_PRODUCTS_DIR; };
		474BFB792F3C825C006E639B /* SwipeLingoUITests.xctest */ = {isa = PBXFileReference; explicitFileType = wrapper.cfbundle; includeInIndex = 0; path = SwipeLingoUITests.xctest; sourceTree = BUILT_PRODUCTS_DIR; };
		478C77F82F7902F4005FBDFE /* SwipeLingoShare.appex */ = {isa = PBXFileReference; explicitFileType = "wrapper.app-extension"; includeInIndex = 0; path = SwipeLingoShare.appex; sourceTree = BUILT_PRODUCTS_DIR; };
/* End PBXFileReference section */

/* Begin PBXFileSystemSynchronizedBuildFileExceptionSet section */
		478C78032F7902F4005FBDFE /* Exceptions for "SwipeLingoShare" folder in "SwipeLingoShare" target */ = {
			isa = PBXFileSystemSynchronizedBuildFileExceptionSet;
			membershipExceptions = (
				Info.plist,
			);
			target = 478C77F72F7902F4005FBDFE /* SwipeLingoShare */;
		};
		478C780E2F7925DA005FBDFE /* Exceptions for "SwipeLingo" folder in "SwipeLingoShare" target */ = {
			isa = PBXFileSystemSynchronizedBuildFileExceptionSet;
			membershipExceptions = (
				CustomFeatures/Colors.swift,
				CustomFeatures/Views.swift,
				Resources/Assets.xcassets,
			);
			target = 478C77F72F7902F4005FBDFE /* SwipeLingoShare */;
		};
/* End PBXFileSystemSynchronizedBuildFileExceptionSet section */

/* Begin PBXFileSystemSynchronizedRootGroup section */
		474BFB642F3C8255006E639B /* SwipeLingo */ = {
			isa = PBXFileSystemSynchronizedRootGroup;
			exceptions = (
				478C780E2F7925DA005FBDFE /* Exceptions for "SwipeLingo" folder in "SwipeLingoShare" target */,
			);
			path = SwipeLingo;
			sourceTree = "<group>";
		};
		474BFB722F3C825C006E639B /* SwipeLingoTests */ = {
			isa = PBXFileSystemSynchronizedRootGroup;
			path = SwipeLingoTests;
			sourceTree = "<group>";
		};
		474BFB7C2F3C825C006E639B /* SwipeLingoUITests */ = {
			isa = PBXFileSystemSynchronizedRootGroup;
			path = SwipeLingoUITests;
			sourceTree = "<group>";
		};
		478C77F92F7902F4005FBDFE /* SwipeLingoShare */ = {
			isa = PBXFileSystemSynchronizedRootGroup;
			exceptions = (
				478C78032F7902F4005FBDFE /* Exceptions for "SwipeLingoShare" folder in "SwipeLingoShare" target */,
			);
			path = SwipeLingoShare;
			sourceTree = "<group>";
		};
/* End PBXFileSystemSynchronizedRootGroup section */

/* Begin PBXFrameworksBuildPhase section */
		474BFB5F2F3C8255006E639B /* Frameworks */ = {
			isa = PBXFrameworksBuildPhase;
			buildActionMask = 2147483647;
			files = (
			);
			runOnlyForDeploymentPostprocessing = 0;
		};
		474BFB6C2F3C825C006E639B /* Frameworks */ = {
			isa = PBXFrameworksBuildPhase;
			buildActionMask = 2147483647;
			files = (
			);
			runOnlyForDeploymentPostprocessing = 0;
		};
		474BFB762F3C825C006E639B /* Frameworks */ = {
			isa = PBXFrameworksBuildPhase;
			buildActionMask = 2147483647;
			files = (
			);
			runOnlyForDeploymentPostprocessing = 0;
		};
		478C77F52F7902F4005FBDFE /* Frameworks */ = {
			isa = PBXFrameworksBuildPhase;
			buildActionMask = 2147483647;
			files = (
			);
			runOnlyForDeploymentPostprocessing = 0;
		};
/* End PBXFrameworksBuildPhase section */

/* Begin PBXGroup section */
		474BFB592F3C8255006E639B = {
			isa = PBXGroup;
			children = (
				474BFB642F3C8255006E639B /* SwipeLingo */,
				474BFB722F3C825C006E639B /* SwipeLingoTests */,
				474BFB7C2F3C825C006E639B /* SwipeLingoUITests */,
				478C77F92F7902F4005FBDFE /* SwipeLingoShare */,
				474BFB632F3C8255006E639B /* Products */,
			);
			sourceTree = "<group>";
		};
		474BFB632F3C8255006E639B /* Products */ = {
			isa = PBXGroup;
			children = (
				474BFB622F3C8255006E639B /* SwipeLingo.app */,
				474BFB6F2F3C825C006E639B /* SwipeLingoTests.xctest */,
				474BFB792F3C825C006E639B /* SwipeLingoUITests.xctest */,
				478C77F82F7902F4005FBDFE /* SwipeLingoShare.appex */,
			);
			name = Products;
			sourceTree = "<group>";
		};
/* End PBXGroup section */

/* Begin PBXNativeTarget section */
		474BFB612F3C8255006E639B /* SwipeLingo */ = {
			isa = PBXNativeTarget;
			buildConfigurationList = 474BFB832F3C825C006E639B /* Build configuration list for PBXNativeTarget "SwipeLingo" */;
			buildPhases = (
				474BFB5E2F3C8255006E639B /* Sources */,
				474BFB5F2F3C8255006E639B /* Frameworks */,
				474BFB602F3C8255006E639B /* Resources */,
				478C78072F7902F4005FBDFE /* Embed Foundation Extensions */,
			);
			buildRules = (
			);
			dependencies = (
				478C78012F7902F4005FBDFE /* PBXTargetDependency */,
			);
			fileSystemSynchronizedGroups = (
				474BFB642F3C8255006E639B /* SwipeLingo */,
			);
			name = SwipeLingo;
			packageProductDependencies = (
			);
			productName = SwipeLingo;
			productReference = 474BFB622F3C8255006E639B /* SwipeLingo.app */;
			productType = "com.apple.product-type.application";
		};
		474BFB6E2F3C825C006E639B /* SwipeLingoTests */ = {
			isa = PBXNativeTarget;
			buildConfigurationList = 474BFB862F3C825C006E639B /* Build configuration list for PBXNativeTarget "SwipeLingoTests" */;
			buildPhases = (
				474BFB6B2F3C825C006E639B /* Sources */,
				474BFB6C2F3C825C006E639B /* Frameworks */,
				474BFB6D2F3C825C006E639B /* Resources */,
			);
			buildRules = (
			);
			dependencies = (
				474BFB712F3C825C006E639B /* PBXTargetDependency */,
			);
			fileSystemSynchronizedGroups = (
				474BFB722F3C825C006E639B /* SwipeLingoTests */,
			);
			name = SwipeLingoTests;
			packageProductDependencies = (
			);
			productName = SwipeLingoTests;
			productReference = 474BFB6F2F3C825C006E639B /* SwipeLingoTests.xctest */;
			productType = "com.apple.product-type.bundle.unit-test";
		};
		474BFB782F3C825C006E639B /* SwipeLingoUITests */ = {
			isa = PBXNativeTarget;
			buildConfigurationList = 474BFB892F3C825C006E639B /* Build configuration list for PBXNativeTarget "SwipeLingoUITests" */;
			buildPhases = (
				474BFB752F3C825C006E639B /* Sources */,
				474BFB762F3C825C006E639B /* Frameworks */,
				474BFB772F3C825C006E639B /* Resources */,
			);
			buildRules = (
			);
			dependencies = (
				474BFB7B2F3C825C006E639B /* PBXTargetDependency */,
			);
			fileSystemSynchronizedGroups = (
				474BFB7C2F3C825C006E639B /* SwipeLingoUITests */,
			);
			name = SwipeLingoUITests;
			packageProductDependencies = (
			);
			productName = SwipeLingoUITests;
			productReference = 474BFB792F3C825C006E639B /* SwipeLingoUITests.xctest */;
			productType = "com.apple.product-type.bundle.ui-testing";
		};
		478C77F72F7902F4005FBDFE /* SwipeLingoShare */ = {
			isa = PBXNativeTarget;
			buildConfigurationList = 478C78042F7902F4005FBDFE /* Build configuration list for PBXNativeTarget "SwipeLingoShare" */;
			buildPhases = (
				478C77F42F7902F4005FBDFE /* Sources */,
				478C77F52F7902F4005FBDFE /* Frameworks */,
				478C77F62F7902F4005FBDFE /* Resources */,
			);
			buildRules = (
			);
			dependencies = (
			);
			fileSystemSynchronizedGroups = (
				478C77F92F7902F4005FBDFE /* SwipeLingoShare */,
			);
			name = SwipeLingoShare;
			packageProductDependencies = (
			);
			productName = SwipeLingoShare;
			productReference = 478C77F82F7902F4005FBDFE /* SwipeLingoShare.appex */;
			productType = "com.apple.product-type.app-extension";
		};
/* End PBXNativeTarget section */

/* Begin PBXProject section */
		474BFB5A2F3C8255006E639B /* Project object */ = {
			isa = PBXProject;
			attributes = {
				BuildIndependentTargetsInParallel = 1;
				LastSwiftUpdateCheck = 2630;
				LastUpgradeCheck = 2630;
				TargetAttributes = {
					474BFB612F3C8255006E639B = {
						CreatedOnToolsVersion = 26.2;
					};
					474BFB6E2F3C825C006E639B = {
						CreatedOnToolsVersion = 26.2;
						TestTargetID = 474BFB612F3C8255006E639B;
					};
					474BFB782F3C825C006E639B = {
						CreatedOnToolsVersion = 26.2;
						TestTargetID = 474BFB612F3C8255006E639B;
					};
					478C77F72F7902F4005FBDFE = {
						CreatedOnToolsVersion = 26.3;
					};
				};
			};
			buildConfigurationList = 474BFB5D2F3C8255006E639B /* Build configuration list for PBXProject "SwipeLingo" */;
			developmentRegion = en;
			hasScannedForEncodings = 0;
			knownRegions = (
				en,
				Base,
			);
			mainGroup = 474BFB592F3C8255006E639B;
			minimizedProjectReferenceProxies = 1;
			packageReferences = (
			);
			preferredProjectObjectVersion = 77;
			productRefGroup = 474BFB632F3C8255006E639B /* Products */;
			projectDirPath = "";
			projectRoot = "";
			targets = (
				474BFB612F3C8255006E639B /* SwipeLingo */,
				474BFB6E2F3C825C006E639B /* SwipeLingoTests */,
				474BFB782F3C825C006E639B /* SwipeLingoUITests */,
				478C77F72F7902F4005FBDFE /* SwipeLingoShare */,
			);
		};
/* End PBXProject section */

/* Begin PBXResourcesBuildPhase section */
		474BFB602F3C8255006E639B /* Resources */ = {
			isa = PBXResourcesBuildPhase;
			buildActionMask = 2147483647;
			files = (
			);
			runOnlyForDeploymentPostprocessing = 0;
		};
		474BFB6D2F3C825C006E639B /* Resources */ = {
			isa = PBXResourcesBuildPhase;
			buildActionMask = 2147483647;
			files = (
			);
			runOnlyForDeploymentPostprocessing = 0;
		};
		474BFB772F3C825C006E639B /* Resources */ = {
			isa = PBXResourcesBuildPhase;
			buildActionMask = 2147483647;
			files = (
			);
			runOnlyForDeploymentPostprocessing = 0;
		};
		478C77F62F7902F4005FBDFE /* Resources */ = {
			isa = PBXResourcesBuildPhase;
			buildActionMask = 2147483647;
			files = (
			);
			runOnlyForDeploymentPostprocessing = 0;
		};
/* End PBXResourcesBuildPhase section */

/* Begin PBXSourcesBuildPhase section */
		474BFB5E2F3C8255006E639B /* Sources */ = {
			isa = PBXSourcesBuildPhase;
			buildActionMask = 2147483647;
			files = (
			);
			runOnlyForDeploymentPostprocessing = 0;
		};
		474BFB6B2F3C825C006E639B /* Sources */ = {
			isa = PBXSourcesBuildPhase;
			buildActionMask = 2147483647;
			files = (
			);
			runOnlyForDeploymentPostprocessing = 0;
		};
		474BFB752F3C825C006E639B /* Sources */ = {
			isa = PBXSourcesBuildPhase;
			buildActionMask = 2147483647;
			files = (
			);
			runOnlyForDeploymentPostprocessing = 0;
		};
		478C77F42F7902F4005FBDFE /* Sources */ = {
			isa = PBXSourcesBuildPhase;
			buildActionMask = 2147483647;
			files = (
			);
			runOnlyForDeploymentPostprocessing = 0;
		};
/* End PBXSourcesBuildPhase section */

/* Begin PBXTargetDependency section */
		474BFB712F3C825C006E639B /* PBXTargetDependency */ = {
			isa = PBXTargetDependency;
			target = 474BFB612F3C8255006E639B /* SwipeLingo */;
			targetProxy = 474BFB702F3C825C006E639B /* PBXContainerItemProxy */;
		};
		474BFB7B2F3C825C006E639B /* PBXTargetDependency */ = {
			isa = PBXTargetDependency;
			target = 474BFB612F3C8255006E639B /* SwipeLingo */;
			targetProxy = 474BFB7A2F3C825C006E639B /* PBXContainerItemProxy */;
		};
		478C78012F7902F4005FBDFE /* PBXTargetDependency */ = {
			isa = PBXTargetDependency;
			target = 478C77F72F7902F4005FBDFE /* SwipeLingoShare */;
			targetProxy = 478C78002F7902F4005FBDFE /* PBXContainerItemProxy */;
		};
/* End PBXTargetDependency section */

/* Begin XCBuildConfiguration section */
		474BFB812F3C825C006E639B /* Debug */ = {
			isa = XCBuildConfiguration;
			buildSettings = {
				ALWAYS_SEARCH_USER_PATHS = NO;
				ASSETCATALOG_COMPILER_GENERATE_SWIFT_ASSET_SYMBOL_EXTENSIONS = YES;
				CLANG_ANALYZER_NONNULL = YES;
				CLANG_ANALYZER_NUMBER_OBJECT_CONVERSION = YES_AGGRESSIVE;
				CLANG_CXX_LANGUAGE_STANDARD = "gnu++20";
				CLANG_ENABLE_MODULES = YES;
				CLANG_ENABLE_OBJC_ARC = YES;
				CLANG_ENABLE_OBJC_WEAK = YES;
				CLANG_WARN_BLOCK_CAPTURE_AUTORELEASING = YES;
				CLANG_WARN_BOOL_CONVERSION = YES;
				CLANG_WARN_COMMA = YES;
				CLANG_WARN_CONSTANT_CONVERSION = YES;
				CLANG_WARN_DEPRECATED_OBJC_IMPLEMENTATIONS = YES;
				CLANG_WARN_DIRECT_OBJC_ISA_USAGE = YES_ERROR;
				CLANG_WARN_DOCUMENTATION_COMMENTS = YES;
				CLANG_WARN_EMPTY_BODY = YES;
				CLANG_WARN_ENUM_CONVERSION = YES;
				CLANG_WARN_INFINITE_RECURSION = YES;
				CLANG_WARN_INT_CONVERSION = YES;
				CLANG_WARN_NON_LITERAL_NULL_CONVERSION = YES;
				CLANG_WARN_OBJC_IMPLICIT_RETAIN_SELF = YES;
				CLANG_WARN_OBJC_LITERAL_CONVERSION = YES;
				CLANG_WARN_OBJC_ROOT_CLASS = YES_ERROR;
				CLANG_WARN_QUOTED_INCLUDE_IN_FRAMEWORK_HEADER = YES;
				CLANG_WARN_RANGE_LOOP_ANALYSIS = YES;
				CLANG_WARN_STRICT_PROTOTYPES = YES;
				CLANG_WARN_SUSPICIOUS_MOVE = YES;
				CLANG_WARN_UNGUARDED_AVAILABILITY = YES_AGGRESSIVE;
				CLANG_WARN_UNREACHABLE_CODE = YES;
				CLANG_WARN__DUPLICATE_METHOD_MATCH = YES;
				COPY_PHASE_STRIP = NO;
				DEBUG_INFORMATION_FORMAT = dwarf;
				DEVELOPMENT_TEAM = USBAK5HKC6;
				ENABLE_STRICT_OBJC_MSGSEND = YES;
				ENABLE_TESTABILITY = YES;
				ENABLE_USER_SCRIPT_SANDBOXING = YES;
				GCC_C_LANGUAGE_STANDARD = gnu17;
				GCC_DYNAMIC_NO_PIC = NO;
				GCC_NO_COMMON_BLOCKS = YES;
				GCC_OPTIMIZATION_LEVEL = 0;
				GCC_PREPROCESSOR_DEFINITIONS = (
					"DEBUG=1",
					"$(inherited)",
				);
				GCC_WARN_64_TO_32_BIT_CONVERSION = YES;
				GCC_WARN_ABOUT_RETURN_TYPE = YES_ERROR;
				GCC_WARN_UNDECLARED_SELECTOR = YES;
				GCC_WARN_UNINITIALIZED_AUTOS = YES_AGGRESSIVE;
				GCC_WARN_UNUSED_FUNCTION = YES;
				GCC_WARN_UNUSED_VARIABLE = YES;
				IPHONEOS_DEPLOYMENT_TARGET = 26.2;
				LOCALIZATION_PREFERS_STRING_CATALOGS = YES;
				MTL_ENABLE_DEBUG_INFO = INCLUDE_SOURCE;
				MTL_FAST_MATH = YES;
				ONLY_ACTIVE_ARCH = YES;
				SDKROOT = iphoneos;
				STRING_CATALOG_GENERATE_SYMBOLS = YES;
				SWIFT_ACTIVE_COMPILATION_CONDITIONS = "DEBUG $(inherited)";
				SWIFT_OPTIMIZATION_LEVEL = "-Onone";
			};
			name = Debug;
		};
		474BFB822F3C825C006E639B /* Release */ = {
			isa = XCBuildConfiguration;
			buildSettings = {
				ALWAYS_SEARCH_USER_PATHS = NO;
				ASSETCATALOG_COMPILER_GENERATE_SWIFT_ASSET_SYMBOL_EXTENSIONS = YES;
				CLANG_ANALYZER_NONNULL = YES;
				CLANG_ANALYZER_NUMBER_OBJECT_CONVERSION = YES_AGGRESSIVE;
				CLANG_CXX_LANGUAGE_STANDARD = "gnu++20";
				CLANG_ENABLE_MODULES = YES;
				CLANG_ENABLE_OBJC_ARC = YES;
				CLANG_ENABLE_OBJC_WEAK = YES;
				CLANG_WARN_BLOCK_CAPTURE_AUTORELEASING = YES;
				CLANG_WARN_BOOL_CONVERSION = YES;
				CLANG_WARN_COMMA = YES;
				CLANG_WARN_CONSTANT_CONVERSION = YES;
				CLANG_WARN_DEPRECATED_OBJC_IMPLEMENTATIONS = YES;
				CLANG_WARN_DIRECT_OBJC_ISA_USAGE = YES_ERROR;
				CLANG_WARN_DOCUMENTATION_COMMENTS = YES;
				CLANG_WARN_EMPTY_BODY = YES;
				CLANG_WARN_ENUM_CONVERSION = YES;
				CLANG_WARN_INFINITE_RECURSION = YES;
				CLANG_WARN_INT_CONVERSION = YES;
				CLANG_WARN_NON_LITERAL_NULL_CONVERSION = YES;
				CLANG_WARN_OBJC_IMPLICIT_RETAIN_SELF = YES;
				CLANG_WARN_OBJC_LITERAL_CONVERSION = YES;
				CLANG_WARN_OBJC_ROOT_CLASS = YES_ERROR;
				CLANG_WARN_QUOTED_INCLUDE_IN_FRAMEWORK_HEADER = YES;
				CLANG_WARN_RANGE_LOOP_ANALYSIS = YES;
				CLANG_WARN_STRICT_PROTOTYPES = YES;
				CLANG_WARN_SUSPICIOUS_MOVE = YES;
				CLANG_WARN_UNGUARDED_AVAILABILITY = YES_AGGRESSIVE;
				CLANG_WARN_UNREACHABLE_CODE = YES;
				CLANG_WARN__DUPLICATE_METHOD_MATCH = YES;
				COPY_PHASE_STRIP = NO;
				DEBUG_INFORMATION_FORMAT = "dwarf-with-dsym";
				DEVELOPMENT_TEAM = USBAK5HKC6;
				ENABLE_NS_ASSERTIONS = NO;
				ENABLE_STRICT_OBJC_MSGSEND = YES;
				ENABLE_USER_SCRIPT_SANDBOXING = YES;
				GCC_C_LANGUAGE_STANDARD = gnu17;
				GCC_NO_COMMON_BLOCKS = YES;
				GCC_WARN_64_TO_32_BIT_CONVERSION = YES;
				GCC_WARN_ABOUT_RETURN_TYPE = YES_ERROR;
				GCC_WARN_UNDECLARED_SELECTOR = YES;
				GCC_WARN_UNINITIALIZED_AUTOS = YES_AGGRESSIVE;
				GCC_WARN_UNUSED_FUNCTION = YES;
				GCC_WARN_UNUSED_VARIABLE = YES;
				IPHONEOS_DEPLOYMENT_TARGET = 26.2;
				LOCALIZATION_PREFERS_STRING_CATALOGS = YES;
				MTL_ENABLE_DEBUG_INFO = NO;
				MTL_FAST_MATH = YES;
				SDKROOT = iphoneos;
				STRING_CATALOG_GENERATE_SYMBOLS = YES;
				SWIFT_COMPILATION_MODE = wholemodule;
				VALIDATE_PRODUCT = YES;
			};
			name = Release;
		};
		474BFB842F3C825C006E639B /* Debug */ = {
			isa = XCBuildConfiguration;
			buildSettings = {
				ASSETCATALOG_COMPILER_APPICON_NAME = AppIcon;
				ASSETCATALOG_COMPILER_GLOBAL_ACCENT_COLOR_NAME = AccentColor;
				CODE_SIGN_ENTITLEMENTS = SwipeLingo/SwipeLingo.entitlements;
				CODE_SIGN_STYLE = Automatic;
				CURRENT_PROJECT_VERSION = 1;
				DEVELOPMENT_TEAM = USBAK5HKC6;
				ENABLE_PREVIEWS = YES;
				GENERATE_INFOPLIST_FILE = YES;
				INFOPLIST_KEY_UIApplicationSceneManifest_Generation = YES;
				INFOPLIST_KEY_UIApplicationSupportsIndirectInputEvents = YES;
				INFOPLIST_KEY_UILaunchScreen_Generation = YES;
				INFOPLIST_KEY_UISupportedInterfaceOrientations_iPad = "UIInterfaceOrientationPortrait UIInterfaceOrientationPortraitUpsideDown UIInterfaceOrientationLandscapeLeft UIInterfaceOrientationLandscapeRight";
				INFOPLIST_KEY_UISupportedInterfaceOrientations_iPhone = "UIInterfaceOrientationPortrait UIInterfaceOrientationLandscapeLeft UIInterfaceOrientationLandscapeRight";
				IPHONEOS_DEPLOYMENT_TARGET = 18.0;
				LD_RUNPATH_SEARCH_PATHS = (
					"$(inherited)",
					"@executable_path/Frameworks",
				);
				MARKETING_VERSION = 1.0;
				PRODUCT_BUNDLE_IDENTIFIER = PELSH.SwipeLingo;
				PRODUCT_NAME = "$(TARGET_NAME)";
				STRING_CATALOG_GENERATE_SYMBOLS = YES;
				SUPPORTED_PLATFORMS = "iphoneos iphonesimulator";
				SUPPORTS_MACCATALYST = NO;
				SUPPORTS_MAC_DESIGNED_FOR_IPHONE_IPAD = NO;
				SUPPORTS_XR_DESIGNED_FOR_IPHONE_IPAD = NO;
				SWIFT_APPROACHABLE_CONCURRENCY = YES;
				SWIFT_DEFAULT_ACTOR_ISOLATION = MainActor;
				SWIFT_EMIT_LOC_STRINGS = YES;
				SWIFT_UPCOMING_FEATURE_MEMBER_IMPORT_VISIBILITY = YES;
				SWIFT_VERSION = 5.0;
				TARGETED_DEVICE_FAMILY = "1,2";
			};
			name = Debug;
		};
		474BFB852F3C825C006E639B /* Release */ = {
			isa = XCBuildConfiguration;
			buildSettings = {
				ASSETCATALOG_COMPILER_APPICON_NAME = AppIcon;
				ASSETCATALOG_COMPILER_GLOBAL_ACCENT_COLOR_NAME = AccentColor;
				CODE_SIGN_ENTITLEMENTS = SwipeLingo/SwipeLingo.entitlements;
				CODE_SIGN_STYLE = Automatic;
				CURRENT_PROJECT_VERSION = 1;
				DEVELOPMENT_TEAM = USBAK5HKC6;
				ENABLE_PREVIEWS = YES;
				GENERATE_INFOPLIST_FILE = YES;
				INFOPLIST_KEY_UIApplicationSceneManifest_Generation = YES;
				INFOPLIST_KEY_UIApplicationSupportsIndirectInputEvents = YES;
				INFOPLIST_KEY_UILaunchScreen_Generation = YES;
				INFOPLIST_KEY_UISupportedInterfaceOrientations_iPad = "UIInterfaceOrientationPortrait UIInterfaceOrientationPortraitUpsideDown UIInterfaceOrientationLandscapeLeft UIInterfaceOrientationLandscapeRight";
				INFOPLIST_KEY_UISupportedInterfaceOrientations_iPhone = "UIInterfaceOrientationPortrait UIInterfaceOrientationLandscapeLeft UIInterfaceOrientationLandscapeRight";
				IPHONEOS_DEPLOYMENT_TARGET = 18.0;
				LD_RUNPATH_SEARCH_PATHS = (
					"$(inherited)",
					"@executable_path/Frameworks",
				);
				MARKETING_VERSION = 1.0;
				PRODUCT_BUNDLE_IDENTIFIER = PELSH.SwipeLingo;
				PRODUCT_NAME = "$(TARGET_NAME)";
				STRING_CATALOG_GENERATE_SYMBOLS = YES;
				SUPPORTED_PLATFORMS = "iphoneos iphonesimulator";
				SUPPORTS_MACCATALYST = NO;
				SUPPORTS_MAC_DESIGNED_FOR_IPHONE_IPAD = NO;
				SUPPORTS_XR_DESIGNED_FOR_IPHONE_IPAD = NO;
				SWIFT_APPROACHABLE_CONCURRENCY = YES;
				SWIFT_DEFAULT_ACTOR_ISOLATION = MainActor;
				SWIFT_EMIT_LOC_STRINGS = YES;
				SWIFT_UPCOMING_FEATURE_MEMBER_IMPORT_VISIBILITY = YES;
				SWIFT_VERSION = 5.0;
				TARGETED_DEVICE_FAMILY = "1,2";
			};
			name = Release;
		};
		474BFB872F3C825C006E639B /* Debug */ = {
			isa = XCBuildConfiguration;
			buildSettings = {
				BUNDLE_LOADER = "$(TEST_HOST)";
				CODE_SIGN_STYLE = Automatic;
				CURRENT_PROJECT_VERSION = 1;
				DEVELOPMENT_TEAM = USBAK5HKC6;
				GENERATE_INFOPLIST_FILE = YES;
				IPHONEOS_DEPLOYMENT_TARGET = 18.0;
				MARKETING_VERSION = 1.0;
				PRODUCT_BUNDLE_IDENTIFIER = PELSH.SwipeLingoTests;
				PRODUCT_NAME = "$(TARGET_NAME)";
				STRING_CATALOG_GENERATE_SYMBOLS = NO;
				SUPPORTED_PLATFORMS = "iphoneos iphonesimulator";
				SUPPORTS_MACCATALYST = NO;
				SUPPORTS_MAC_DESIGNED_FOR_IPHONE_IPAD = NO;
				SUPPORTS_XR_DESIGNED_FOR_IPHONE_IPAD = NO;
				SWIFT_APPROACHABLE_CONCURRENCY = YES;
				SWIFT_EMIT_LOC_STRINGS = NO;
				SWIFT_UPCOMING_FEATURE_MEMBER_IMPORT_VISIBILITY = YES;
				SWIFT_VERSION = 5.0;
				TARGETED_DEVICE_FAMILY = "1,2";
				TEST_HOST = "$(BUILT_PRODUCTS_DIR)/SwipeLingo.app/$(BUNDLE_EXECUTABLE_FOLDER_PATH)/SwipeLingo";
			};
			name = Debug;
		};
		474BFB882F3C825C006E639B /* Release */ = {
			isa = XCBuildConfiguration;
			buildSettings = {
				BUNDLE_LOADER = "$(TEST_HOST)";
				CODE_SIGN_STYLE = Automatic;
				CURRENT_PROJECT_VERSION = 1;
				DEVELOPMENT_TEAM = USBAK5HKC6;
				GENERATE_INFOPLIST_FILE = YES;
				IPHONEOS_DEPLOYMENT_TARGET = 18.0;
				MARKETING_VERSION = 1.0;
				PRODUCT_BUNDLE_IDENTIFIER = PELSH.SwipeLingoTests;
				PRODUCT_NAME = "$(TARGET_NAME)";
				STRING_CATALOG_GENERATE_SYMBOLS = NO;
				SUPPORTED_PLATFORMS = "iphoneos iphonesimulator";
				SUPPORTS_MACCATALYST = NO;
				SUPPORTS_MAC_DESIGNED_FOR_IPHONE_IPAD = NO;
				SUPPORTS_XR_DESIGNED_FOR_IPHONE_IPAD = NO;
				SWIFT_APPROACHABLE_CONCURRENCY = YES;
				SWIFT_EMIT_LOC_STRINGS = NO;
				SWIFT_UPCOMING_FEATURE_MEMBER_IMPORT_VISIBILITY = YES;
				SWIFT_VERSION = 5.0;
				TARGETED_DEVICE_FAMILY = "1,2";
				TEST_HOST = "$(BUILT_PRODUCTS_DIR)/SwipeLingo.app/$(BUNDLE_EXECUTABLE_FOLDER_PATH)/SwipeLingo";
			};
			name = Release;
		};
		474BFB8A2F3C825C006E639B /* Debug */ = {
			isa = XCBuildConfiguration;
			buildSettings = {
				CODE_SIGN_STYLE = Automatic;
				CURRENT_PROJECT_VERSION = 1;
				DEVELOPMENT_TEAM = USBAK5HKC6;
				GENERATE_INFOPLIST_FILE = YES;
				IPHONEOS_DEPLOYMENT_TARGET = 18.0;
				MARKETING_VERSION = 1.0;
				PRODUCT_BUNDLE_IDENTIFIER = PELSH.SwipeLingoUITests;
				PRODUCT_NAME = "$(TARGET_NAME)";
				STRING_CATALOG_GENERATE_SYMBOLS = NO;
				SUPPORTED_PLATFORMS = "iphoneos iphonesimulator";
				SUPPORTS_MACCATALYST = NO;
				SUPPORTS_MAC_DESIGNED_FOR_IPHONE_IPAD = NO;
				SUPPORTS_XR_DESIGNED_FOR_IPHONE_IPAD = NO;
				SWIFT_APPROACHABLE_CONCURRENCY = YES;
				SWIFT_EMIT_LOC_STRINGS = NO;
				SWIFT_UPCOMING_FEATURE_MEMBER_IMPORT_VISIBILITY = YES;
				SWIFT_VERSION = 5.0;
				TARGETED_DEVICE_FAMILY = "1,2";
				TEST_TARGET_NAME = SwipeLingo;
			};
			name = Debug;
		};
		474BFB8B2F3C825C006E639B /* Release */ = {
			isa = XCBuildConfiguration;
			buildSettings = {
				CODE_SIGN_STYLE = Automatic;
				CURRENT_PROJECT_VERSION = 1;
				DEVELOPMENT_TEAM = USBAK5HKC6;
				GENERATE_INFOPLIST_FILE = YES;
				IPHONEOS_DEPLOYMENT_TARGET = 18.0;
				MARKETING_VERSION = 1.0;
				PRODUCT_BUNDLE_IDENTIFIER = PELSH.SwipeLingoUITests;
				PRODUCT_NAME = "$(TARGET_NAME)";
				STRING_CATALOG_GENERATE_SYMBOLS = NO;
				SUPPORTED_PLATFORMS = "iphoneos iphonesimulator";
				SUPPORTS_MACCATALYST = NO;
				SUPPORTS_MAC_DESIGNED_FOR_IPHONE_IPAD = NO;
				SUPPORTS_XR_DESIGNED_FOR_IPHONE_IPAD = NO;
				SWIFT_APPROACHABLE_CONCURRENCY = YES;
				SWIFT_EMIT_LOC_STRINGS = NO;
				SWIFT_UPCOMING_FEATURE_MEMBER_IMPORT_VISIBILITY = YES;
				SWIFT_VERSION = 5.0;
				TARGETED_DEVICE_FAMILY = "1,2";
				TEST_TARGET_NAME = SwipeLingo;
			};
			name = Release;
		};
		478C78052F7902F4005FBDFE /* Debug */ = {
			isa = XCBuildConfiguration;
			buildSettings = {
				CODE_SIGN_ENTITLEMENTS = SwipeLingoShare/SwipeLingoShare.entitlements;
				CODE_SIGN_STYLE = Automatic;
				CURRENT_PROJECT_VERSION = 1;
				DEVELOPMENT_TEAM = USBAK5HKC6;
				GENERATE_INFOPLIST_FILE = YES;
				INFOPLIST_FILE = SwipeLingoShare/Info.plist;
				INFOPLIST_KEY_CFBundleDisplayName = SwipeLingoShare;
				INFOPLIST_KEY_NSHumanReadableCopyright = "";
				IPHONEOS_DEPLOYMENT_TARGET = 18.0;
				LD_RUNPATH_SEARCH_PATHS = (
					"$(inherited)",
					"@executable_path/Frameworks",
					"@executable_path/../../Frameworks",
				);
				MARKETING_VERSION = 1.0;
				PRODUCT_BUNDLE_IDENTIFIER = PELSH.SwipeLingo.SwipeLingoShare;
				PRODUCT_NAME = "$(TARGET_NAME)";
				SKIP_INSTALL = YES;
				STRING_CATALOG_GENERATE_SYMBOLS = YES;
				SUPPORTED_PLATFORMS = "iphoneos iphonesimulator";
				SUPPORTS_MACCATALYST = NO;
				SUPPORTS_MAC_DESIGNED_FOR_IPHONE_IPAD = NO;
				SUPPORTS_XR_DESIGNED_FOR_IPHONE_IPAD = NO;
				SWIFT_APPROACHABLE_CONCURRENCY = YES;
				SWIFT_EMIT_LOC_STRINGS = YES;
				SWIFT_UPCOMING_FEATURE_MEMBER_IMPORT_VISIBILITY = YES;
				SWIFT_VERSION = 5.0;
				TARGETED_DEVICE_FAMILY = "1,2";
			};
			name = Debug;
		};
		478C78062F7902F4005FBDFE /* Release */ = {
			isa = XCBuildConfiguration;
			buildSettings = {
				CODE_SIGN_ENTITLEMENTS = SwipeLingoShare/SwipeLingoShare.entitlements;
				CODE_SIGN_STYLE = Automatic;
				CURRENT_PROJECT_VERSION = 1;
				DEVELOPMENT_TEAM = USBAK5HKC6;
				GENERATE_INFOPLIST_FILE = YES;
				INFOPLIST_FILE = SwipeLingoShare/Info.plist;
				INFOPLIST_KEY_CFBundleDisplayName = SwipeLingoShare;
				INFOPLIST_KEY_NSHumanReadableCopyright = "";
				IPHONEOS_DEPLOYMENT_TARGET = 18.0;
				LD_RUNPATH_SEARCH_PATHS = (
					"$(inherited)",
					"@executable_path/Frameworks",
					"@executable_path/../../Frameworks",
				);
				MARKETING_VERSION = 1.0;
				PRODUCT_BUNDLE_IDENTIFIER = PELSH.SwipeLingo.SwipeLingoShare;
				PRODUCT_NAME = "$(TARGET_NAME)";
				SKIP_INSTALL = YES;
				STRING_CATALOG_GENERATE_SYMBOLS = YES;
				SUPPORTED_PLATFORMS = "iphoneos iphonesimulator";
				SUPPORTS_MACCATALYST = NO;
				SUPPORTS_MAC_DESIGNED_FOR_IPHONE_IPAD = NO;
				SUPPORTS_XR_DESIGNED_FOR_IPHONE_IPAD = NO;
				SWIFT_APPROACHABLE_CONCURRENCY = YES;
				SWIFT_EMIT_LOC_STRINGS = YES;
				SWIFT_UPCOMING_FEATURE_MEMBER_IMPORT_VISIBILITY = YES;
				SWIFT_VERSION = 5.0;
				TARGETED_DEVICE_FAMILY = "1,2";
			};
			name = Release;
		};
/* End XCBuildConfiguration section */

/* Begin XCConfigurationList section */
		474BFB5D2F3C8255006E639B /* Build configuration list for PBXProject "SwipeLingo" */ = {
			isa = XCConfigurationList;
			buildConfigurations = (
				474BFB812F3C825C006E639B /* Debug */,
				474BFB822F3C825C006E639B /* Release */,
			);
			defaultConfigurationIsVisible = 0;
			defaultConfigurationName = Release;
		};
		474BFB832F3C825C006E639B /* Build configuration list for PBXNativeTarget "SwipeLingo" */ = {
			isa = XCConfigurationList;
			buildConfigurations = (
				474BFB842F3C825C006E639B /* Debug */,
				474BFB852F3C825C006E639B /* Release */,
			);
			defaultConfigurationIsVisible = 0;
			defaultConfigurationName = Release;
		};
		474BFB862F3C825C006E639B /* Build configuration list for PBXNativeTarget "SwipeLingoTests" */ = {
			isa = XCConfigurationList;
			buildConfigurations = (
				474BFB872F3C825C006E639B /* Debug */,
				474BFB882F3C825C006E639B /* Release */,
			);
			defaultConfigurationIsVisible = 0;
			defaultConfigurationName = Release;
		};
		474BFB892F3C825C006E639B /* Build configuration list for PBXNativeTarget "SwipeLingoUITests" */ = {
			isa = XCConfigurationList;
			buildConfigurations = (
				474BFB8A2F3C825C006E639B /* Debug */,
				474BFB8B2F3C825C006E639B /* Release */,
			);
			defaultConfigurationIsVisible = 0;
			defaultConfigurationName = Release;
		};
		478C78042F7902F4005FBDFE /* Build configuration list for PBXNativeTarget "SwipeLingoShare" */ = {
			isa = XCConfigurationList;
			buildConfigurations = (
				478C78052F7902F4005FBDFE /* Debug */,
				478C78062F7902F4005FBDFE /* Release */,
			);
			defaultConfigurationIsVisible = 0;
			defaultConfigurationName = Release;
		};
/* End XCConfigurationList section */
	};
	rootObject = 474BFB5A2F3C8255006E639B /* Project object */;
}
