// !$*UTF8*$!
{
	archiveVersion = 1;
	classes = {
	};
	objectVersion = 77;
	objects = {

/* Begin PBXBuildFile section */
		004C7A64EFC14005A4EB8219BB082754 /* Logger.swift in Sources */ = {isa = PBXBuildFile; fileRef = 7530F0C7FCFA48C4BC413B8DB553C2C8 /* Logger.swift */; };
		47EA2FB62F75541500A84C9D /* AppFeature.swift in Sources */ = {isa = PBXBuildFile; fileRef = 47EA2F822F75541500A84C9D /* AppFeature.swift */; };
		47EA2FB72F75541500A84C9D /* SwipeLingoApp.swift in Sources */ = {isa = PBXBuildFile; fileRef = 47EA2F832F75541500A84C9D /* SwipeLingoApp.swift */; };
		47EA2FB82F75541500A84C9D /* Bundle.swift in Sources */ = {isa = PBXBuildFile; fileRef = 47EA2F852F75541500A84C9D /* Bundle.swift */; };
		47EA2FB92F75541500A84C9D /* Colors.swift in Sources */ = {isa = PBXBuildFile; fileRef = 47EA2F862F75541500A84C9D /* Colors.swift */; };
		47EA2FBA2F75541500A84C9D /* DateFormater.swift in Sources */ = {isa = PBXBuildFile; fileRef = 47EA2F872F75541500A84C9D /* DateFormater.swift */; };
		47EA2FBB2F75541500A84C9D /* JSON.swift in Sources */ = {isa = PBXBuildFile; fileRef = 47EA2F882F75541500A84C9D /* JSON.swift */; };
		47EA2FBC2F75541500A84C9D /* UnderlineSermentedPicker.swift in Sources */ = {isa = PBXBuildFile; fileRef = 47EA2F892F75541500A84C9D /* UnderlineSermentedPicker.swift */; };
		47EA2FBD2F75541500A84C9D /* UnderlineSermentedPickerNotOptional.swift in Sources */ = {isa = PBXBuildFile; fileRef = 47EA2F8A2F75541500A84C9D /* UnderlineSermentedPickerNotOptional.swift */; };
		47EA2FBE2F75541500A84C9D /* Views.swift in Sources */ = {isa = PBXBuildFile; fileRef = 47EA2F8B2F75541500A84C9D /* Views.swift */; };
		47EA2FBF2F75541500A84C9D /* AddCardSetView.swift in Sources */ = {isa = PBXBuildFile; fileRef = 47EA2F8D2F75541500A84C9D /* AddCardSetView.swift */; };
		47EA2FC12F75541500A84C9D /* AddCollectionView.swift in Sources */ = {isa = PBXBuildFile; fileRef = 47EA2F8F2F75541500A84C9D /* AddCollectionView.swift */; };
		47EA2FC22F75541500A84C9D /* CardSetDetailView.swift in Sources */ = {isa = PBXBuildFile; fileRef = 47EA2F902F75541500A84C9D /* CardSetDetailView.swift */; };
		47EA2FC32F75541500A84C9D /* CollectionDetailView.swift in Sources */ = {isa = PBXBuildFile; fileRef = 47EA2F912F75541500A84C9D /* CollectionDetailView.swift */; };
		47EA2FC42F75541500A84C9D /* LibraryView.swift in Sources */ = {isa = PBXBuildFile; fileRef = 47EA2F922F75541500A84C9D /* LibraryView.swift */; };
		47EA2FC62F75541500A84C9D /* PileBuilderView.swift in Sources */ = {isa = PBXBuildFile; fileRef = 47EA2F942F75541500A84C9D /* PileBuilderView.swift */; };
		47EA2FC72F75541500A84C9D /* PileBuilderViewModel.swift in Sources */ = {isa = PBXBuildFile; fileRef = 47EA2F952F75541500A84C9D /* PileBuilderViewModel.swift */; };
		47EA2FC82F75541500A84C9D /* DeletedCardsView.swift in Sources */ = {isa = PBXBuildFile; fileRef = 47EA2F972F75541500A84C9D /* DeletedCardsView.swift */; };
		47EA2FC92F75541500A84C9D /* SettingsView.swift in Sources */ = {isa = PBXBuildFile; fileRef = 47EA2F982F75541500A84C9D /* SettingsView.swift */; };
		47EA2FCA2F75541500A84C9D /* StatisticsView.swift in Sources */ = {isa = PBXBuildFile; fileRef = 47EA2F9A2F75541500A84C9D /* StatisticsView.swift */; };
		47EA2FCB2F75541500A84C9D /* DictionaryLookupView.swift in Sources */ = {isa = PBXBuildFile; fileRef = 47EA2F9C2F75541500A84C9D /* DictionaryLookupView.swift */; };
		47EA2FCC2F75541500A84C9D /* TinderCardsView.swift in Sources */ = {isa = PBXBuildFile; fileRef = 47EA2F9D2F75541500A84C9D /* TinderCardsView.swift */; };
		47EA2FCD2F75541500A84C9D /* TinderCardsViewModel.swift in Sources */ = {isa = PBXBuildFile; fileRef = 47EA2F9E2F75541500A84C9D /* TinderCardsViewModel.swift */; };
		47EA2FCE2F75541500A84C9D /* StudyView.swift in Sources */ = {isa = PBXBuildFile; fileRef = 47EA2FA02F75541500A84C9D /* StudyView.swift */; };
		47EA2FCF2F75541500A84C9D /* StudyViewModel.swift in Sources */ = {isa = PBXBuildFile; fileRef = 47EA2FA12F75541500A84C9D /* StudyViewModel.swift */; };
		47EA2FD02F75541500A84C9D /* Card.swift in Sources */ = {isa = PBXBuildFile; fileRef = 47EA2FA42F75541500A84C9D /* Card.swift */; };
		47EA2FD12F75541500A84C9D /* CardSet.swift in Sources */ = {isa = PBXBuildFile; fileRef = 47EA2FA52F75541500A84C9D /* CardSet.swift */; };
		47EA2FD22F75541500A84C9D /* CardStatus.swift in Sources */ = {isa = PBXBuildFile; fileRef = 47EA2FA62F75541500A84C9D /* CardStatus.swift */; };
		47EA2FD32F75541500A84C9D /* Collection.swift in Sources */ = {isa = PBXBuildFile; fileRef = 47EA2FA72F75541500A84C9D /* Collection.swift */; };
		47EA2FD42F75541500A84C9D /* DictionaryModels.swift in Sources */ = {isa = PBXBuildFile; fileRef = 47EA2FA82F75541500A84C9D /* DictionaryModels.swift */; };
		47EA2FD52F75541500A84C9D /* EnglishPlusCard.swift in Sources */ = {isa = PBXBuildFile; fileRef = 47EA2FA92F75541500A84C9D /* EnglishPlusCard.swift */; };
		47EA2FD62F75541500A84C9D /* Pile.swift in Sources */ = {isa = PBXBuildFile; fileRef = 47EA2FAA2F75541500A84C9D /* Pile.swift */; };
		47EA2FD72F75541500A84C9D /* ShuffleMethod.swift in Sources */ = {isa = PBXBuildFile; fileRef = 47EA2FAB2F75541500A84C9D /* ShuffleMethod.swift */; };
		47EA2FD82F75541500A84C9D /* AudioPlayerService.swift in Sources */ = {isa = PBXBuildFile; fileRef = 47EA2FAF2F75541500A84C9D /* AudioPlayerService.swift */; };
		47EA2FD92F75541500A84C9D /* DictionaryService.swift in Sources */ = {isa = PBXBuildFile; fileRef = 47EA2FB02F75541500A84C9D /* DictionaryService.swift */; };
		47EA2FDA2F75541500A84C9D /* MockDataSeeder.swift in Sources */ = {isa = PBXBuildFile; fileRef = 47EA2FB12F75541500A84C9D /* MockDataSeeder.swift */; };
		47EA2FDB2F75541500A84C9D /* PileService.swift in Sources */ = {isa = PBXBuildFile; fileRef = 47EA2FB22F75541500A84C9D /* PileService.swift */; };
		47EA2FDC2F75541500A84C9D /* SRSService.swift in Sources */ = {isa = PBXBuildFile; fileRef = 47EA2FB32F75541500A84C9D /* SRSService.swift */; };
		47EA2FDD2F75541500A84C9D /* Assets.xcassets in Resources */ = {isa = PBXBuildFile; fileRef = 47EA2FAD2F75541500A84C9D /* Assets.xcassets */; };
		47EA2FE12F75541D00A84C9D /* SRSServiceTests.swift in Sources */ = {isa = PBXBuildFile; fileRef = 47EA2FDE2F75541D00A84C9D /* SRSServiceTests.swift */; };
		47EA2FE22F75541D00A84C9D /* SwipeLingoTests.swift in Sources */ = {isa = PBXBuildFile; fileRef = 47EA2FDF2F75541D00A84C9D /* SwipeLingoTests.swift */; };
		47EA2FE62F75542300A84C9D /* SwipeLingoUITests.swift in Sources */ = {isa = PBXBuildFile; fileRef = 47EA2FE32F75542300A84C9D /* SwipeLingoUITests.swift */; };
		47EA2FE72F75542300A84C9D /* SwipeLingoUITestsLaunchTests.swift in Sources */ = {isa = PBXBuildFile; fileRef = 47EA2FE42F75542300A84C9D /* SwipeLingoUITestsLaunchTests.swift */; };
		47EA2FF02F75541500A84C9D /* VoiceSettingsView.swift in Sources */ = {isa = PBXBuildFile; fileRef = 47EA2FF12F75541500A84C9D /* VoiceSettingsView.swift */; };
		47EA2FF22F75541500A84C9D /* AddEditCardView.swift in Sources */ = {isa = PBXBuildFile; fileRef = 47EA2FF32F75541500A84C9D /* AddEditCardView.swift */; };
		47EA2FF42F75541500A84C9D /* KeyboardManager.swift in Sources */ = {isa = PBXBuildFile; fileRef = 47EA2FF52F75541500A84C9D /* KeyboardManager.swift */; };
		47FCD27F2F7809D100AF86E1 /* CEFRBadgeView.swift in Sources */ = {isa = PBXBuildFile; fileRef = 47FCD27E2F7809D100AF86E1 /* CEFRBadgeView.swift */; };
		4CEE5C3C7CC643F1A178D884 /* FirestoreImportService.swift in Sources */ = {isa = PBXBuildFile; fileRef = 36A36CAE0B97490185771DE6 /* FirestoreImportService.swift */; };
		EF0001012F75541500A84C9D /* CEFRLevel.swift in Sources */ = {isa = PBXBuildFile; fileRef = EF0001002F75541500A84C9D /* CEFRLevel.swift */; };
		EF0001032F75541500A84C9D /* UserProfile.swift in Sources */ = {isa = PBXBuildFile; fileRef = EF0001022F75541500A84C9D /* UserProfile.swift */; };
/* End PBXBuildFile section */

/* Begin PBXContainerItemProxy section */
		474BFB702F3C825C006E639B /* PBXContainerItemProxy */ = {
			isa = PBXContainerItemProxy;
			containerPortal = 474BFB5A2F3C8255006E639B /* Project object */;
			proxyType = 1;
			remoteGlobalIDString = 474BFB612F3C8255006E639B;
			remoteInfo = SwipeLingo;
		};
		474BFB7A2F3C825C006E639B /* PBXContainerItemProxy */ = {
			isa = PBXContainerItemProxy;
			containerPortal = 474BFB5A2F3C8255006E639B /* Project object */;
			proxyType = 1;
			remoteGlobalIDString = 474BFB612F3C8255006E639B;
			remoteInfo = SwipeLingo;
		};
/* End PBXContainerItemProxy section */

/* Begin PBXFileReference section */
		36A36CAE0B97490185771DE6 /* FirestoreImportService.swift */ = {isa = PBXFileReference; lastKnownFileType = sourcecode.swift; path = FirestoreImportService.swift; sourceTree = "<group>"; };
		474BFB622F3C8255006E639B /* SwipeLingo.app */ = {isa = PBXFileReference; explicitFileType = wrapper.application; includeInIndex = 0; path = SwipeLingo.app; sourceTree = BUILT_PRODUCTS_DIR; };
		474BFB6F2F3C825C006E639B /* SwipeLingoTests.xctest */ = {isa = PBXFileReference; explicitFileType = wrapper.cfbundle; includeInIndex = 0; path = SwipeLingoTests.xctest; sourceTree = BUILT_PRODUCTS_DIR; };
		474BFB792F3C825C006E639B /* SwipeLingoUITests.xctest */ = {isa = PBXFileReference; explicitFileType = wrapper.cfbundle; includeInIndex = 0; path = SwipeLingoUITests.xctest; sourceTree = BUILT_PRODUCTS_DIR; };
		47EA2F822F75541500A84C9D /* AppFeature.swift */ = {isa = PBXFileReference; lastKnownFileType = sourcecode.swift; path = AppFeature.swift; sourceTree = "<group>"; };
		47EA2F832F75541500A84C9D /* SwipeLingoApp.swift */ = {isa = PBXFileReference; lastKnownFileType = sourcecode.swift; path = SwipeLingoApp.swift; sourceTree = "<group>"; };
		47EA2F852F75541500A84C9D /* Bundle.swift */ = {isa = PBXFileReference; lastKnownFileType = sourcecode.swift; path = Bundle.swift; sourceTree = "<group>"; };
		47EA2F862F75541500A84C9D /* Colors.swift */ = {isa = PBXFileReference; lastKnownFileType = sourcecode.swift; path = Colors.swift; sourceTree = "<group>"; };
		47EA2F872F75541500A84C9D /* DateFormater.swift */ = {isa = PBXFileReference; lastKnownFileType = sourcecode.swift; path = DateFormater.swift; sourceTree = "<group>"; };
		47EA2F882F75541500A84C9D /* JSON.swift */ = {isa = PBXFileReference; lastKnownFileType = sourcecode.swift; path = JSON.swift; sourceTree = "<group>"; };
		47EA2F892F75541500A84C9D /* UnderlineSermentedPicker.swift */ = {isa = PBXFileReference; lastKnownFileType = sourcecode.swift; path = UnderlineSermentedPicker.swift; sourceTree = "<group>"; };
		47EA2F8A2F75541500A84C9D /* UnderlineSermentedPickerNotOptional.swift */ = {isa = PBXFileReference; lastKnownFileType = sourcecode.swift; path = UnderlineSermentedPickerNotOptional.swift; sourceTree = "<group>"; };
		47EA2F8B2F75541500A84C9D /* Views.swift */ = {isa = PBXFileReference; lastKnownFileType = sourcecode.swift; path = Views.swift; sourceTree = "<group>"; };
		47EA2F8D2F75541500A84C9D /* AddCardSetView.swift */ = {isa = PBXFileReference; lastKnownFileType = sourcecode.swift; path = AddCardSetView.swift; sourceTree = "<group>"; };
		47EA2F8F2F75541500A84C9D /* AddCollectionView.swift */ = {isa = PBXFileReference; lastKnownFileType = sourcecode.swift; path = AddCollectionView.swift; sourceTree = "<group>"; };
		47EA2F902F75541500A84C9D /* CardSetDetailView.swift */ = {isa = PBXFileReference; lastKnownFileType = sourcecode.swift; path = CardSetDetailView.swift; sourceTree = "<group>"; };
		47EA2F912F75541500A84C9D /* CollectionDetailView.swift */ = {isa = PBXFileReference; lastKnownFileType = sourcecode.swift; path = CollectionDetailView.swift; sourceTree = "<group>"; };
		47EA2F922F75541500A84C9D /* LibraryView.swift */ = {isa = PBXFileReference; lastKnownFileType = sourcecode.swift; path = LibraryView.swift; sourceTree = "<group>"; };
		47EA2F942F75541500A84C9D /* PileBuilderView.swift */ = {isa = PBXFileReference; lastKnownFileType = sourcecode.swift; path = PileBuilderView.swift; sourceTree = "<group>"; };
		47EA2F952F75541500A84C9D /* PileBuilderViewModel.swift */ = {isa = PBXFileReference; lastKnownFileType = sourcecode.swift; path = PileBuilderViewModel.swift; sourceTree = "<group>"; };
		47EA2F972F75541500A84C9D /* DeletedCardsView.swift */ = {isa = PBXFileReference; lastKnownFileType = sourcecode.swift; path = DeletedCardsView.swift; sourceTree = "<group>"; };
		47EA2F982F75541500A84C9D /* SettingsView.swift */ = {isa = PBXFileReference; lastKnownFileType = sourcecode.swift; path = SettingsView.swift; sourceTree = "<group>"; };
		47EA2F9A2F75541500A84C9D /* StatisticsView.swift */ = {isa = PBXFileReference; lastKnownFileType = sourcecode.swift; path = StatisticsView.swift; sourceTree = "<group>"; };
		47EA2F9C2F75541500A84C9D /* DictionaryLookupView.swift */ = {isa = PBXFileReference; lastKnownFileType = sourcecode.swift; path = DictionaryLookupView.swift; sourceTree = "<group>"; };
		47EA2F9D2F75541500A84C9D /* TinderCardsView.swift */ = {isa = PBXFileReference; lastKnownFileType = sourcecode.swift; path = TinderCardsView.swift; sourceTree = "<group>"; };
		47EA2F9E2F75541500A84C9D /* TinderCardsViewModel.swift */ = {isa = PBXFileReference; lastKnownFileType = sourcecode.swift; path = TinderCardsViewModel.swift; sourceTree = "<group>"; };
		47EA2FA02F75541500A84C9D /* StudyView.swift */ = {isa = PBXFileReference; lastKnownFileType = sourcecode.swift; path = StudyView.swift; sourceTree = "<group>"; };
		47EA2FA12F75541500A84C9D /* StudyViewModel.swift */ = {isa = PBXFileReference; lastKnownFileType = sourcecode.swift; path = StudyViewModel.swift; sourceTree = "<group>"; };
		47EA2FA42F75541500A84C9D /* Card.swift */ = {isa = PBXFileReference; lastKnownFileType = sourcecode.swift; path = Card.swift; sourceTree = "<group>"; };
		47EA2FA52F75541500A84C9D /* CardSet.swift */ = {isa = PBXFileReference; lastKnownFileType = sourcecode.swift; path = CardSet.swift; sourceTree = "<group>"; };
		47EA2FA62F75541500A84C9D /* CardStatus.swift */ = {isa = PBXFileReference; lastKnownFileType = sourcecode.swift; path = CardStatus.swift; sourceTree = "<group>"; };
		47EA2FA72F75541500A84C9D /* Collection.swift */ = {isa = PBXFileReference; lastKnownFileType = sourcecode.swift; path = Collection.swift; sourceTree = "<group>"; };
		47EA2FA82F75541500A84C9D /* DictionaryModels.swift */ = {isa = PBXFileReference; lastKnownFileType = sourcecode.swift; path = DictionaryModels.swift; sourceTree = "<group>"; };
		47EA2FA92F75541500A84C9D /* EnglishPlusCard.swift */ = {isa = PBXFileReference; lastKnownFileType = sourcecode.swift; path = EnglishPlusCard.swift; sourceTree = "<group>"; };
		47EA2FAA2F75541500A84C9D /* Pile.swift */ = {isa = PBXFileReference; lastKnownFileType = sourcecode.swift; path = Pile.swift; sourceTree = "<group>"; };
		47EA2FAB2F75541500A84C9D /* ShuffleMethod.swift */ = {isa = PBXFileReference; lastKnownFileType = sourcecode.swift; path = ShuffleMethod.swift; sourceTree = "<group>"; };
		47EA2FAD2F75541500A84C9D /* Assets.xcassets */ = {isa = PBXFileReference; lastKnownFileType = folder.assetcatalog; path = Assets.xcassets; sourceTree = "<group>"; };
		47EA2FAF2F75541500A84C9D /* AudioPlayerService.swift */ = {isa = PBXFileReference; lastKnownFileType = sourcecode.swift; path = AudioPlayerService.swift; sourceTree = "<group>"; };
		47EA2FB02F75541500A84C9D /* DictionaryService.swift */ = {isa = PBXFileReference; lastKnownFileType = sourcecode.swift; path = DictionaryService.swift; sourceTree = "<group>"; };
		47EA2FB12F75541500A84C9D /* MockDataSeeder.swift */ = {isa = PBXFileReference; lastKnownFileType = sourcecode.swift; path = MockDataSeeder.swift; sourceTree = "<group>"; };
		47EA2FB22F75541500A84C9D /* PileService.swift */ = {isa = PBXFileReference; lastKnownFileType = sourcecode.swift; path = PileService.swift; sourceTree = "<group>"; };
		47EA2FB32F75541500A84C9D /* SRSService.swift */ = {isa = PBXFileReference; lastKnownFileType = sourcecode.swift; path = SRSService.swift; sourceTree = "<group>"; };
		47EA2FDE2F75541D00A84C9D /* SRSServiceTests.swift */ = {isa = PBXFileReference; lastKnownFileType = sourcecode.swift; path = SRSServiceTests.swift; sourceTree = "<group>"; };
		47EA2FDF2F75541D00A84C9D /* SwipeLingoTests.swift */ = {isa = PBXFileReference; lastKnownFileType = sourcecode.swift; path = SwipeLingoTests.swift; sourceTree = "<group>"; };
		47EA2FE32F75542300A84C9D /* SwipeLingoUITests.swift */ = {isa = PBXFileReference; lastKnownFileType = sourcecode.swift; path = SwipeLingoUITests.swift; sourceTree = "<group>"; };
		47EA2FE42F75542300A84C9D /* SwipeLingoUITestsLaunchTests.swift */ = {isa = PBXFileReference; lastKnownFileType = sourcecode.swift; path = SwipeLingoUITestsLaunchTests.swift; sourceTree = "<group>"; };
		47EA2FF12F75541500A84C9D /* VoiceSettingsView.swift */ = {isa = PBXFileReference; lastKnownFileType = sourcecode.swift; path = VoiceSettingsView.swift; sourceTree = "<group>"; };
		47EA2FF32F75541500A84C9D /* AddEditCardView.swift */ = {isa = PBXFileReference; lastKnownFileType = sourcecode.swift; path = AddEditCardView.swift; sourceTree = "<group>"; };
		47EA2FF52F75541500A84C9D /* KeyboardManager.swift */ = {isa = PBXFileReference; lastKnownFileType = sourcecode.swift; path = KeyboardManager.swift; sourceTree = "<group>"; };
		47FCD27E2F7809D100AF86E1 /* CEFRBadgeView.swift */ = {isa = PBXFileReference; lastKnownFileType = sourcecode.swift; path = CEFRBadgeView.swift; sourceTree = "<group>"; };
		7530F0C7FCFA48C4BC413B8DB553C2C8 /* Logger.swift */ = {isa = PBXFileReference; lastKnownFileType = sourcecode.swift; path = Logger.swift; sourceTree = "<group>"; };
		EF0001002F75541500A84C9D /* CEFRLevel.swift */ = {isa = PBXFileReference; lastKnownFileType = sourcecode.swift; path = CEFRLevel.swift; sourceTree = "<group>"; };
		EF0001022F75541500A84C9D /* UserProfile.swift */ = {isa = PBXFileReference; lastKnownFileType = sourcecode.swift; path = UserProfile.swift; sourceTree = "<group>"; };
/* End PBXFileReference section */

/* Begin PBXFrameworksBuildPhase section */
		474BFB5F2F3C8255006E639B /* Frameworks */ = {
			isa = PBXFrameworksBuildPhase;
			buildActionMask = 2147483647;
			files = (
			);
			runOnlyForDeploymentPostprocessing = 0;
		};
		474BFB6C2F3C825C006E639B /* Frameworks */ = {
			isa = PBXFrameworksBuildPhase;
			buildActionMask = 2147483647;
			files = (
			);
			runOnlyForDeploymentPostprocessing = 0;
		};
		474BFB762F3C825C006E639B /* Frameworks */ = {
			isa = PBXFrameworksBuildPhase;
			buildActionMask = 2147483647;
			files = (
			);
			runOnlyForDeploymentPostprocessing = 0;
		};
/* End PBXFrameworksBuildPhase section */

/* Begin PBXGroup section */
		474BFB592F3C8255006E639B = {
			isa = PBXGroup;
			children = (
				47EA2FB52F75541500A84C9D /* SwipeLingo */,
				47EA2FE02F75541D00A84C9D /* SwipeLingoTests */,
				47EA2FE52F75542300A84C9D /* SwipeLingoUITests */,
				474BFB632F3C8255006E639B /* Products */,
			);
			sourceTree = "<group>";
		};
		474BFB632F3C8255006E639B /* Products */ = {
			isa = PBXGroup;
			children = (
				474BFB622F3C8255006E639B /* SwipeLingo.app */,
				474BFB6F2F3C825C006E639B /* SwipeLingoTests.xctest */,
				474BFB792F3C825C006E639B /* SwipeLingoUITests.xctest */,
			);
			name = Products;
			sourceTree = "<group>";
		};
		478C76FF2F783D9F005FBDFE /* Pickets */ = {
			isa = PBXGroup;
			children = (
				47EA2F892F75541500A84C9D /* UnderlineSermentedPicker.swift */,
				47EA2F8A2F75541500A84C9D /* UnderlineSermentedPickerNotOptional.swift */,
			);
			path = Pickets;
			sourceTree = "<group>";
		};
		478C77002F783DC6005FBDFE /* Components */ = {
			isa = PBXGroup;
			children = (
				47FCD27E2F7809D100AF86E1 /* CEFRBadgeView.swift */,
			);
			path = Components;
			sourceTree = "<group>";
		};
		47EA2F842F75541500A84C9D /* App */ = {
			isa = PBXGroup;
			children = (
				47EA2F822F75541500A84C9D /* AppFeature.swift */,
				47EA2F832F75541500A84C9D /* SwipeLingoApp.swift */,
			);
			path = App;
			sourceTree = "<group>";
		};
		47EA2F8C2F75541500A84C9D /* CustomFeatures */ = {
			isa = PBXGroup;
			children = (
				47EA2F8B2F75541500A84C9D /* Views.swift */,
				47EA2F862F75541500A84C9D /* Colors.swift */,
				47EA2F872F75541500A84C9D /* DateFormater.swift */,
				47EA2F852F75541500A84C9D /* Bundle.swift */,
				7530F0C7FCFA48C4BC413B8DB553C2C8 /* Logger.swift */,
				47EA2F882F75541500A84C9D /* JSON.swift */,
				478C77002F783DC6005FBDFE /* Components */,
				478C76FF2F783D9F005FBDFE /* Pickets */,
			);
			path = CustomFeatures;
			sourceTree = "<group>";
		};
		47EA2F962F75541500A84C9D /* Library */ = {
			isa = PBXGroup;
			children = (
				47EA2F922F75541500A84C9D /* LibraryView.swift */,
				47EA2FF32F75541500A84C9D /* AddEditCardView.swift */,
				47EA2F8D2F75541500A84C9D /* AddCardSetView.swift */,
				47EA2F8F2F75541500A84C9D /* AddCollectionView.swift */,
				47EA2F902F75541500A84C9D /* CardSetDetailView.swift */,
				47EA2F912F75541500A84C9D /* CollectionDetailView.swift */,
				47EA2F942F75541500A84C9D /* PileBuilderView.swift */,
				47EA2F952F75541500A84C9D /* PileBuilderViewModel.swift */,
				47EA2F972F75541500A84C9D /* DeletedCardsView.swift */,
			);
			path = Library;
			sourceTree = "<group>";
		};
		47EA2F992F75541500A84C9D /* Settings */ = {
			isa = PBXGroup;
			children = (
				47EA2F982F75541500A84C9D /* SettingsView.swift */,
				47EA2FF12F75541500A84C9D /* VoiceSettingsView.swift */,
			);
			path = Settings;
			sourceTree = "<group>";
		};
		47EA2F9B2F75541500A84C9D /* Statistics */ = {
			isa = PBXGroup;
			children = (
				47EA2F9A2F75541500A84C9D /* StatisticsView.swift */,
			);
			path = Statistics;
			sourceTree = "<group>";
		};
		47EA2F9F2F75541500A84C9D /* TinderCards */ = {
			isa = PBXGroup;
			children = (
				47EA2F9E2F75541500A84C9D /* TinderCardsViewModel.swift */,
				47EA2F9D2F75541500A84C9D /* TinderCardsView.swift */,
				47EA2F9C2F75541500A84C9D /* DictionaryLookupView.swift */,
			);
			path = TinderCards;
			sourceTree = "<group>";
		};
		47EA2FA22F75541500A84C9D /* Study */ = {
			isa = PBXGroup;
			children = (
				47EA2FA12F75541500A84C9D /* StudyViewModel.swift */,
				47EA2FA02F75541500A84C9D /* StudyView.swift */,
				47EA2F9F2F75541500A84C9D /* TinderCards */,
			);
			path = Study;
			sourceTree = "<group>";
		};
		47EA2FA32F75541500A84C9D /* Features */ = {
			isa = PBXGroup;
			children = (
				47EA2FA22F75541500A84C9D /* Study */,
				47EA2F962F75541500A84C9D /* Library */,
				47EA2F9B2F75541500A84C9D /* Statistics */,
				47EA2F992F75541500A84C9D /* Settings */,
			);
			path = Features;
			sourceTree = "<group>";
		};
		47EA2FAC2F75541500A84C9D /* Models */ = {
			isa = PBXGroup;
			children = (
				47EA2FA42F75541500A84C9D /* Card.swift */,
				47EA2FA52F75541500A84C9D /* CardSet.swift */,
				47EA2FA62F75541500A84C9D /* CardStatus.swift */,
				EF0001002F75541500A84C9D /* CEFRLevel.swift */,
				47EA2FA72F75541500A84C9D /* Collection.swift */,
				47EA2FA82F75541500A84C9D /* DictionaryModels.swift */,
				47EA2FA92F75541500A84C9D /* EnglishPlusCard.swift */,
				47EA2FAA2F75541500A84C9D /* Pile.swift */,
				47EA2FAB2F75541500A84C9D /* ShuffleMethod.swift */,
				EF0001022F75541500A84C9D /* UserProfile.swift */,
			);
			path = Models;
			sourceTree = "<group>";
		};
		47EA2FAE2F75541500A84C9D /* Resources */ = {
			isa = PBXGroup;
			children = (
				47EA2FAD2F75541500A84C9D /* Assets.xcassets */,
			);
			path = Resources;
			sourceTree = "<group>";
		};
		47EA2FB42F75541500A84C9D /* Services */ = {
			isa = PBXGroup;
			children = (
				47EA2FAF2F75541500A84C9D /* AudioPlayerService.swift */,
				47EA2FB02F75541500A84C9D /* DictionaryService.swift */,
				47EA2FB12F75541500A84C9D /* MockDataSeeder.swift */,
				36A36CAE0B97490185771DE6 /* FirestoreImportService.swift */,
				47EA2FB22F75541500A84C9D /* PileService.swift */,
				47EA2FB32F75541500A84C9D /* SRSService.swift */,
				47EA2FF52F75541500A84C9D /* KeyboardManager.swift */,
			);
			path = Services;
			sourceTree = "<group>";
		};
		47EA2FB52F75541500A84C9D /* SwipeLingo */ = {
			isa = PBXGroup;
			children = (
				47EA2F842F75541500A84C9D /* App */,
				47EA2F8C2F75541500A84C9D /* CustomFeatures */,
				47EA2FA32F75541500A84C9D /* Features */,
				47EA2FAC2F75541500A84C9D /* Models */,
				47EA2FB42F75541500A84C9D /* Services */,
				47EA2FAE2F75541500A84C9D /* Resources */,
			);
			path = SwipeLingo;
			sourceTree = "<group>";
		};
		47EA2FE02F75541D00A84C9D /* SwipeLingoTests */ = {
			isa = PBXGroup;
			children = (
				47EA2FDE2F75541D00A84C9D /* SRSServiceTests.swift */,
				47EA2FDF2F75541D00A84C9D /* SwipeLingoTests.swift */,
			);
			path = SwipeLingoTests;
			sourceTree = "<group>";
		};
		47EA2FE52F75542300A84C9D /* SwipeLingoUITests */ = {
			isa = PBXGroup;
			children = (
				47EA2FE32F75542300A84C9D /* SwipeLingoUITests.swift */,
				47EA2FE42F75542300A84C9D /* SwipeLingoUITestsLaunchTests.swift */,
			);
			path = SwipeLingoUITests;
			sourceTree = "<group>";
		};
/* End PBXGroup section */

/* Begin PBXNativeTarget section */
		474BFB612F3C8255006E639B /* SwipeLingo */ = {
			isa = PBXNativeTarget;
			buildConfigurationList = 474BFB832F3C825C006E639B /* Build configuration list for PBXNativeTarget "SwipeLingo" */;
			buildPhases = (
				474BFB5E2F3C8255006E639B /* Sources */,
				474BFB5F2F3C8255006E639B /* Frameworks */,
				474BFB602F3C8255006E639B /* Resources */,
			);
			buildRules = (
			);
			dependencies = (
			);
			name = SwipeLingo;
			packageProductDependencies = (
			);
			productName = SwipeLingo;
			productReference = 474BFB622F3C8255006E639B /* SwipeLingo.app */;
			productType = "com.apple.product-type.application";
		};
		474BFB6E2F3C825C006E639B /* SwipeLingoTests */ = {
			isa = PBXNativeTarget;
			buildConfigurationList = 474BFB862F3C825C006E639B /* Build configuration list for PBXNativeTarget "SwipeLingoTests" */;
			buildPhases = (
				474BFB6B2F3C825C006E639B /* Sources */,
				474BFB6C2F3C825C006E639B /* Frameworks */,
				474BFB6D2F3C825C006E639B /* Resources */,
			);
			buildRules = (
			);
			dependencies = (
				474BFB712F3C825C006E639B /* PBXTargetDependency */,
			);
			name = SwipeLingoTests;
			packageProductDependencies = (
			);
			productName = SwipeLingoTests;
			productReference = 474BFB6F2F3C825C006E639B /* SwipeLingoTests.xctest */;
			productType = "com.apple.product-type.bundle.unit-test";
		};
		474BFB782F3C825C006E639B /* SwipeLingoUITests */ = {
			isa = PBXNativeTarget;
			buildConfigurationList = 474BFB892F3C825C006E639B /* Build configuration list for PBXNativeTarget "SwipeLingoUITests" */;
			buildPhases = (
				474BFB752F3C825C006E639B /* Sources */,
				474BFB762F3C825C006E639B /* Frameworks */,
				474BFB772F3C825C006E639B /* Resources */,
			);
			buildRules = (
			);
			dependencies = (
				474BFB7B2F3C825C006E639B /* PBXTargetDependency */,
			);
			name = SwipeLingoUITests;
			packageProductDependencies = (
			);
			productName = SwipeLingoUITests;
			productReference = 474BFB792F3C825C006E639B /* SwipeLingoUITests.xctest */;
			productType = "com.apple.product-type.bundle.ui-testing";
		};
/* End PBXNativeTarget section */

/* Begin PBXProject section */
		474BFB5A2F3C8255006E639B /* Project object */ = {
			isa = PBXProject;
			attributes = {
				BuildIndependentTargetsInParallel = 1;
				LastSwiftUpdateCheck = 2620;
				LastUpgradeCheck = 2630;
				TargetAttributes = {
					474BFB612F3C8255006E639B = {
						CreatedOnToolsVersion = 26.2;
					};
					474BFB6E2F3C825C006E639B = {
						CreatedOnToolsVersion = 26.2;
						TestTargetID = 474BFB612F3C8255006E639B;
					};
					474BFB782F3C825C006E639B = {
						CreatedOnToolsVersion = 26.2;
						TestTargetID = 474BFB612F3C8255006E639B;
					};
				};
			};
			buildConfigurationList = 474BFB5D2F3C8255006E639B /* Build configuration list for PBXProject "SwipeLingo" */;
			developmentRegion = en;
			hasScannedForEncodings = 0;
			knownRegions = (
				en,
				Base,
			);
			mainGroup = 474BFB592F3C8255006E639B;
			minimizedProjectReferenceProxies = 1;
			packageReferences = (
			);
			preferredProjectObjectVersion = 77;
			productRefGroup = 474BFB632F3C8255006E639B /* Products */;
			projectDirPath = "";
			projectRoot = "";
			targets = (
				474BFB612F3C8255006E639B /* SwipeLingo */,
				474BFB6E2F3C825C006E639B /* SwipeLingoTests */,
				474BFB782F3C825C006E639B /* SwipeLingoUITests */,
			);
		};
/* End PBXProject section */

/* Begin PBXResourcesBuildPhase section */
		474BFB602F3C8255006E639B /* Resources */ = {
			isa = PBXResourcesBuildPhase;
			buildActionMask = 2147483647;
			files = (
				47EA2FDD2F75541500A84C9D /* Assets.xcassets in Resources */,
			);
			runOnlyForDeploymentPostprocessing = 0;
		};
		474BFB6D2F3C825C006E639B /* Resources */ = {
			isa = PBXResourcesBuildPhase;
			buildActionMask = 2147483647;
			files = (
			);
			runOnlyForDeploymentPostprocessing = 0;
		};
		474BFB772F3C825C006E639B /* Resources */ = {
			isa = PBXResourcesBuildPhase;
			buildActionMask = 2147483647;
			files = (
			);
			runOnlyForDeploymentPostprocessing = 0;
		};
/* End PBXResourcesBuildPhase section */

/* Begin PBXSourcesBuildPhase section */
		474BFB5E2F3C8255006E639B /* Sources */ = {
			isa = PBXSourcesBuildPhase;
			buildActionMask = 2147483647;
			files = (
				47EA2FB62F75541500A84C9D /* AppFeature.swift in Sources */,
				47EA2FB72F75541500A84C9D /* SwipeLingoApp.swift in Sources */,
				47EA2FB82F75541500A84C9D /* Bundle.swift in Sources */,
				004C7A64EFC14005A4EB8219BB082754 /* Logger.swift in Sources */,
				47FCD27F2F7809D100AF86E1 /* CEFRBadgeView.swift in Sources */,
				47EA2FB92F75541500A84C9D /* Colors.swift in Sources */,
				47EA2FBA2F75541500A84C9D /* DateFormater.swift in Sources */,
				47EA2FBB2F75541500A84C9D /* JSON.swift in Sources */,
				47EA2FBC2F75541500A84C9D /* UnderlineSermentedPicker.swift in Sources */,
				47EA2FBD2F75541500A84C9D /* UnderlineSermentedPickerNotOptional.swift in Sources */,
				47EA2FBE2F75541500A84C9D /* Views.swift in Sources */,
				47EA2FF42F75541500A84C9D /* KeyboardManager.swift in Sources */,
				47EA2FBF2F75541500A84C9D /* AddCardSetView.swift in Sources */,
				47EA2FF22F75541500A84C9D /* AddEditCardView.swift in Sources */,
				47EA2FC12F75541500A84C9D /* AddCollectionView.swift in Sources */,
				47EA2FC22F75541500A84C9D /* CardSetDetailView.swift in Sources */,
				47EA2FC32F75541500A84C9D /* CollectionDetailView.swift in Sources */,
				47EA2FC42F75541500A84C9D /* LibraryView.swift in Sources */,
				47EA2FC62F75541500A84C9D /* PileBuilderView.swift in Sources */,
				47EA2FC72F75541500A84C9D /* PileBuilderViewModel.swift in Sources */,
				47EA2FC82F75541500A84C9D /* DeletedCardsView.swift in Sources */,
				47EA2FC92F75541500A84C9D /* SettingsView.swift in Sources */,
				47EA2FF02F75541500A84C9D /* VoiceSettingsView.swift in Sources */,
				47EA2FCA2F75541500A84C9D /* StatisticsView.swift in Sources */,
				47EA2FCB2F75541500A84C9D /* DictionaryLookupView.swift in Sources */,
				47EA2FCC2F75541500A84C9D /* TinderCardsView.swift in Sources */,
				47EA2FCD2F75541500A84C9D /* TinderCardsViewModel.swift in Sources */,
				47EA2FCE2F75541500A84C9D /* StudyView.swift in Sources */,
				47EA2FCF2F75541500A84C9D /* StudyViewModel.swift in Sources */,
				47EA2FD02F75541500A84C9D /* Card.swift in Sources */,
				47EA2FD12F75541500A84C9D /* CardSet.swift in Sources */,
				47EA2FD22F75541500A84C9D /* CardStatus.swift in Sources */,
				EF0001012F75541500A84C9D /* CEFRLevel.swift in Sources */,
				EF0001032F75541500A84C9D /* UserProfile.swift in Sources */,
				47EA2FD32F75541500A84C9D /* Collection.swift in Sources */,
				47EA2FD42F75541500A84C9D /* DictionaryModels.swift in Sources */,
				47EA2FD52F75541500A84C9D /* EnglishPlusCard.swift in Sources */,
				47EA2FD62F75541500A84C9D /* Pile.swift in Sources */,
				47EA2FD72F75541500A84C9D /* ShuffleMethod.swift in Sources */,
				47EA2FD82F75541500A84C9D /* AudioPlayerService.swift in Sources */,
				47EA2FD92F75541500A84C9D /* DictionaryService.swift in Sources */,
				47EA2FDA2F75541500A84C9D /* MockDataSeeder.swift in Sources */,
				4CEE5C3C7CC643F1A178D884 /* FirestoreImportService.swift in Sources */,
				47EA2FDB2F75541500A84C9D /* PileService.swift in Sources */,
				47EA2FDC2F75541500A84C9D /* SRSService.swift in Sources */,
			);
			runOnlyForDeploymentPostprocessing = 0;
		};
		474BFB6B2F3C825C006E639B /* Sources */ = {
			isa = PBXSourcesBuildPhase;
			buildActionMask = 2147483647;
			files = (
				47EA2FE12F75541D00A84C9D /* SRSServiceTests.swift in Sources */,
				47EA2FE22F75541D00A84C9D /* SwipeLingoTests.swift in Sources */,
			);
			runOnlyForDeploymentPostprocessing = 0;
		};
		474BFB752F3C825C006E639B /* Sources */ = {
			isa = PBXSourcesBuildPhase;
			buildActionMask = 2147483647;
			files = (
				47EA2FE62F75542300A84C9D /* SwipeLingoUITests.swift in Sources */,
				47EA2FE72F75542300A84C9D /* SwipeLingoUITestsLaunchTests.swift in Sources */,
			);
			runOnlyForDeploymentPostprocessing = 0;
		};
/* End PBXSourcesBuildPhase section */

/* Begin PBXTargetDependency section */
		474BFB712F3C825C006E639B /* PBXTargetDependency */ = {
			isa = PBXTargetDependency;
			target = 474BFB612F3C8255006E639B /* SwipeLingo */;
			targetProxy = 474BFB702F3C825C006E639B /* PBXContainerItemProxy */;
		};
		474BFB7B2F3C825C006E639B /* PBXTargetDependency */ = {
			isa = PBXTargetDependency;
			target = 474BFB612F3C8255006E639B /* SwipeLingo */;
			targetProxy = 474BFB7A2F3C825C006E639B /* PBXContainerItemProxy */;
		};
/* End PBXTargetDependency section */

/* Begin XCBuildConfiguration section */
		474BFB812F3C825C006E639B /* Debug */ = {
			isa = XCBuildConfiguration;
			buildSettings = {
				ALWAYS_SEARCH_USER_PATHS = NO;
				ASSETCATALOG_COMPILER_GENERATE_SWIFT_ASSET_SYMBOL_EXTENSIONS = YES;
				CLANG_ANALYZER_NONNULL = YES;
				CLANG_ANALYZER_NUMBER_OBJECT_CONVERSION = YES_AGGRESSIVE;
				CLANG_CXX_LANGUAGE_STANDARD = "gnu++20";
				CLANG_ENABLE_MODULES = YES;
				CLANG_ENABLE_OBJC_ARC = YES;
				CLANG_ENABLE_OBJC_WEAK = YES;
				CLANG_WARN_BLOCK_CAPTURE_AUTORELEASING = YES;
				CLANG_WARN_BOOL_CONVERSION = YES;
				CLANG_WARN_COMMA = YES;
				CLANG_WARN_CONSTANT_CONVERSION = YES;
				CLANG_WARN_DEPRECATED_OBJC_IMPLEMENTATIONS = YES;
				CLANG_WARN_DIRECT_OBJC_ISA_USAGE = YES_ERROR;
				CLANG_WARN_DOCUMENTATION_COMMENTS = YES;
				CLANG_WARN_EMPTY_BODY = YES;
				CLANG_WARN_ENUM_CONVERSION = YES;
				CLANG_WARN_INFINITE_RECURSION = YES;
				CLANG_WARN_INT_CONVERSION = YES;
				CLANG_WARN_NON_LITERAL_NULL_CONVERSION = YES;
				CLANG_WARN_OBJC_IMPLICIT_RETAIN_SELF = YES;
				CLANG_WARN_OBJC_LITERAL_CONVERSION = YES;
				CLANG_WARN_OBJC_ROOT_CLASS = YES_ERROR;
				CLANG_WARN_QUOTED_INCLUDE_IN_FRAMEWORK_HEADER = YES;
				CLANG_WARN_RANGE_LOOP_ANALYSIS = YES;
				CLANG_WARN_STRICT_PROTOTYPES = YES;
				CLANG_WARN_SUSPICIOUS_MOVE = YES;
				CLANG_WARN_UNGUARDED_AVAILABILITY = YES_AGGRESSIVE;
				CLANG_WARN_UNREACHABLE_CODE = YES;
				CLANG_WARN__DUPLICATE_METHOD_MATCH = YES;
				COPY_PHASE_STRIP = NO;
				DEBUG_INFORMATION_FORMAT = dwarf;
				DEVELOPMENT_TEAM = USBAK5HKC6;
				ENABLE_STRICT_OBJC_MSGSEND = YES;
				ENABLE_TESTABILITY = YES;
				ENABLE_USER_SCRIPT_SANDBOXING = YES;
				GCC_C_LANGUAGE_STANDARD = gnu17;
				GCC_DYNAMIC_NO_PIC = NO;
				GCC_NO_COMMON_BLOCKS = YES;
				GCC_OPTIMIZATION_LEVEL = 0;
				GCC_PREPROCESSOR_DEFINITIONS = (
					"DEBUG=1",
					"$(inherited)",
				);
				GCC_WARN_64_TO_32_BIT_CONVERSION = YES;
				GCC_WARN_ABOUT_RETURN_TYPE = YES_ERROR;
				GCC_WARN_UNDECLARED_SELECTOR = YES;
				GCC_WARN_UNINITIALIZED_AUTOS = YES_AGGRESSIVE;
				GCC_WARN_UNUSED_FUNCTION = YES;
				GCC_WARN_UNUSED_VARIABLE = YES;
				IPHONEOS_DEPLOYMENT_TARGET = 26.2;
				LOCALIZATION_PREFERS_STRING_CATALOGS = YES;
				MTL_ENABLE_DEBUG_INFO = INCLUDE_SOURCE;
				MTL_FAST_MATH = YES;
				ONLY_ACTIVE_ARCH = YES;
				SDKROOT = iphoneos;
				STRING_CATALOG_GENERATE_SYMBOLS = YES;
				SWIFT_ACTIVE_COMPILATION_CONDITIONS = "DEBUG $(inherited)";
				SWIFT_OPTIMIZATION_LEVEL = "-Onone";
			};
			name = Debug;
		};
		474BFB822F3C825C006E639B /* Release */ = {
			isa = XCBuildConfiguration;
			buildSettings = {
				ALWAYS_SEARCH_USER_PATHS = NO;
				ASSETCATALOG_COMPILER_GENERATE_SWIFT_ASSET_SYMBOL_EXTENSIONS = YES;
				CLANG_ANALYZER_NONNULL = YES;
				CLANG_ANALYZER_NUMBER_OBJECT_CONVERSION = YES_AGGRESSIVE;
				CLANG_CXX_LANGUAGE_STANDARD = "gnu++20";
				CLANG_ENABLE_MODULES = YES;
				CLANG_ENABLE_OBJC_ARC = YES;
				CLANG_ENABLE_OBJC_WEAK = YES;
				CLANG_WARN_BLOCK_CAPTURE_AUTORELEASING = YES;
				CLANG_WARN_BOOL_CONVERSION = YES;
				CLANG_WARN_COMMA = YES;
				CLANG_WARN_CONSTANT_CONVERSION = YES;
				CLANG_WARN_DEPRECATED_OBJC_IMPLEMENTATIONS = YES;
				CLANG_WARN_DIRECT_OBJC_ISA_USAGE = YES_ERROR;
				CLANG_WARN_DOCUMENTATION_COMMENTS = YES;
				CLANG_WARN_EMPTY_BODY = YES;
				CLANG_WARN_ENUM_CONVERSION = YES;
				CLANG_WARN_INFINITE_RECURSION = YES;
				CLANG_WARN_INT_CONVERSION = YES;
				CLANG_WARN_NON_LITERAL_NULL_CONVERSION = YES;
				CLANG_WARN_OBJC_IMPLICIT_RETAIN_SELF = YES;
				CLANG_WARN_OBJC_LITERAL_CONVERSION = YES;
				CLANG_WARN_OBJC_ROOT_CLASS = YES_ERROR;
				CLANG_WARN_QUOTED_INCLUDE_IN_FRAMEWORK_HEADER = YES;
				CLANG_WARN_RANGE_LOOP_ANALYSIS = YES;
				CLANG_WARN_STRICT_PROTOTYPES = YES;
				CLANG_WARN_SUSPICIOUS_MOVE = YES;
				CLANG_WARN_UNGUARDED_AVAILABILITY = YES_AGGRESSIVE;
				CLANG_WARN_UNREACHABLE_CODE = YES;
				CLANG_WARN__DUPLICATE_METHOD_MATCH = YES;
				COPY_PHASE_STRIP = NO;
				DEBUG_INFORMATION_FORMAT = "dwarf-with-dsym";
				DEVELOPMENT_TEAM = USBAK5HKC6;
				ENABLE_NS_ASSERTIONS = NO;
				ENABLE_STRICT_OBJC_MSGSEND = YES;
				ENABLE_USER_SCRIPT_SANDBOXING = YES;
				GCC_C_LANGUAGE_STANDARD = gnu17;
				GCC_NO_COMMON_BLOCKS = YES;
				GCC_WARN_64_TO_32_BIT_CONVERSION = YES;
				GCC_WARN_ABOUT_RETURN_TYPE = YES_ERROR;
				GCC_WARN_UNDECLARED_SELECTOR = YES;
				GCC_WARN_UNINITIALIZED_AUTOS = YES_AGGRESSIVE;
				GCC_WARN_UNUSED_FUNCTION = YES;
				GCC_WARN_UNUSED_VARIABLE = YES;
				IPHONEOS_DEPLOYMENT_TARGET = 26.2;
				LOCALIZATION_PREFERS_STRING_CATALOGS = YES;
				MTL_ENABLE_DEBUG_INFO = NO;
				MTL_FAST_MATH = YES;
				SDKROOT = iphoneos;
				STRING_CATALOG_GENERATE_SYMBOLS = YES;
				SWIFT_COMPILATION_MODE = wholemodule;
				VALIDATE_PRODUCT = YES;
			};
			name = Release;
		};
		474BFB842F3C825C006E639B /* Debug */ = {
			isa = XCBuildConfiguration;
			buildSettings = {
				ASSETCATALOG_COMPILER_APPICON_NAME = AppIcon;
				ASSETCATALOG_COMPILER_GLOBAL_ACCENT_COLOR_NAME = AccentColor;
				CODE_SIGN_STYLE = Automatic;
				CURRENT_PROJECT_VERSION = 1;
				DEVELOPMENT_TEAM = USBAK5HKC6;
				ENABLE_PREVIEWS = YES;
				GENERATE_INFOPLIST_FILE = YES;
				INFOPLIST_KEY_UIApplicationSceneManifest_Generation = YES;
				INFOPLIST_KEY_UIApplicationSupportsIndirectInputEvents = YES;
				INFOPLIST_KEY_UILaunchScreen_Generation = YES;
				INFOPLIST_KEY_UISupportedInterfaceOrientations_iPad = "UIInterfaceOrientationPortrait UIInterfaceOrientationPortraitUpsideDown UIInterfaceOrientationLandscapeLeft UIInterfaceOrientationLandscapeRight";
				INFOPLIST_KEY_UISupportedInterfaceOrientations_iPhone = "UIInterfaceOrientationPortrait UIInterfaceOrientationLandscapeLeft UIInterfaceOrientationLandscapeRight";
				IPHONEOS_DEPLOYMENT_TARGET = 18.0;
				LD_RUNPATH_SEARCH_PATHS = (
					"$(inherited)",
					"@executable_path/Frameworks",
				);
				MARKETING_VERSION = 1.0;
				PRODUCT_BUNDLE_IDENTIFIER = PELSH.SwipeLingo;
				PRODUCT_NAME = "$(TARGET_NAME)";
				STRING_CATALOG_GENERATE_SYMBOLS = YES;
				SUPPORTED_PLATFORMS = "iphoneos iphonesimulator";
				SUPPORTS_MACCATALYST = NO;
				SUPPORTS_MAC_DESIGNED_FOR_IPHONE_IPAD = NO;
				SUPPORTS_XR_DESIGNED_FOR_IPHONE_IPAD = NO;
				SWIFT_APPROACHABLE_CONCURRENCY = YES;
				SWIFT_DEFAULT_ACTOR_ISOLATION = MainActor;
				SWIFT_EMIT_LOC_STRINGS = YES;
				SWIFT_UPCOMING_FEATURE_MEMBER_IMPORT_VISIBILITY = YES;
				SWIFT_VERSION = 5.0;
				TARGETED_DEVICE_FAMILY = 1;
			};
			name = Debug;
		};
		474BFB852F3C825C006E639B /* Release */ = {
			isa = XCBuildConfiguration;
			buildSettings = {
				ASSETCATALOG_COMPILER_APPICON_NAME = AppIcon;
				ASSETCATALOG_COMPILER_GLOBAL_ACCENT_COLOR_NAME = AccentColor;
				CODE_SIGN_STYLE = Automatic;
				CURRENT_PROJECT_VERSION = 1;
				DEVELOPMENT_TEAM = USBAK5HKC6;
				ENABLE_PREVIEWS = YES;
				GENERATE_INFOPLIST_FILE = YES;
				INFOPLIST_KEY_UIApplicationSceneManifest_Generation = YES;
				INFOPLIST_KEY_UIApplicationSupportsIndirectInputEvents = YES;
				INFOPLIST_KEY_UILaunchScreen_Generation = YES;
				INFOPLIST_KEY_UISupportedInterfaceOrientations_iPad = "UIInterfaceOrientationPortrait UIInterfaceOrientationPortraitUpsideDown UIInterfaceOrientationLandscapeLeft UIInterfaceOrientationLandscapeRight";
				INFOPLIST_KEY_UISupportedInterfaceOrientations_iPhone = "UIInterfaceOrientationPortrait UIInterfaceOrientationLandscapeLeft UIInterfaceOrientationLandscapeRight";
				IPHONEOS_DEPLOYMENT_TARGET = 18.0;
				LD_RUNPATH_SEARCH_PATHS = (
					"$(inherited)",
					"@executable_path/Frameworks",
				);
				MARKETING_VERSION = 1.0;
				PRODUCT_BUNDLE_IDENTIFIER = PELSH.SwipeLingo;
				PRODUCT_NAME = "$(TARGET_NAME)";
				STRING_CATALOG_GENERATE_SYMBOLS = YES;
				SUPPORTED_PLATFORMS = "iphoneos iphonesimulator";
				SUPPORTS_MACCATALYST = NO;
				SUPPORTS_MAC_DESIGNED_FOR_IPHONE_IPAD = NO;
				SUPPORTS_XR_DESIGNED_FOR_IPHONE_IPAD = NO;
				SWIFT_APPROACHABLE_CONCURRENCY = YES;
				SWIFT_DEFAULT_ACTOR_ISOLATION = MainActor;
				SWIFT_EMIT_LOC_STRINGS = YES;
				SWIFT_UPCOMING_FEATURE_MEMBER_IMPORT_VISIBILITY = YES;
				SWIFT_VERSION = 5.0;
				TARGETED_DEVICE_FAMILY = 1;
			};
			name = Release;
		};
		474BFB872F3C825C006E639B /* Debug */ = {
			isa = XCBuildConfiguration;
			buildSettings = {
				BUNDLE_LOADER = "$(TEST_HOST)";
				CODE_SIGN_STYLE = Automatic;
				CURRENT_PROJECT_VERSION = 1;
				DEVELOPMENT_TEAM = USBAK5HKC6;
				GENERATE_INFOPLIST_FILE = YES;
				IPHONEOS_DEPLOYMENT_TARGET = 18.0;
				MARKETING_VERSION = 1.0;
				PRODUCT_BUNDLE_IDENTIFIER = PELSH.SwipeLingoTests;
				PRODUCT_NAME = "$(TARGET_NAME)";
				STRING_CATALOG_GENERATE_SYMBOLS = NO;
				SUPPORTED_PLATFORMS = "iphoneos iphonesimulator";
				SUPPORTS_MACCATALYST = NO;
				SUPPORTS_MAC_DESIGNED_FOR_IPHONE_IPAD = NO;
				SUPPORTS_XR_DESIGNED_FOR_IPHONE_IPAD = NO;
				SWIFT_APPROACHABLE_CONCURRENCY = YES;
				SWIFT_EMIT_LOC_STRINGS = NO;
				SWIFT_UPCOMING_FEATURE_MEMBER_IMPORT_VISIBILITY = YES;
				SWIFT_VERSION = 5.0;
				TARGETED_DEVICE_FAMILY = 1;
				TEST_HOST = "$(BUILT_PRODUCTS_DIR)/SwipeLingo.app/$(BUNDLE_EXECUTABLE_FOLDER_PATH)/SwipeLingo";
			};
			name = Debug;
		};
		474BFB882F3C825C006E639B /* Release */ = {
			isa = XCBuildConfiguration;
			buildSettings = {
				BUNDLE_LOADER = "$(TEST_HOST)";
				CODE_SIGN_STYLE = Automatic;
				CURRENT_PROJECT_VERSION = 1;
				DEVELOPMENT_TEAM = USBAK5HKC6;
				GENERATE_INFOPLIST_FILE = YES;
				IPHONEOS_DEPLOYMENT_TARGET = 18.0;
				MARKETING_VERSION = 1.0;
				PRODUCT_BUNDLE_IDENTIFIER = PELSH.SwipeLingoTests;
				PRODUCT_NAME = "$(TARGET_NAME)";
				STRING_CATALOG_GENERATE_SYMBOLS = NO;
				SUPPORTED_PLATFORMS = "iphoneos iphonesimulator";
				SUPPORTS_MACCATALYST = NO;
				SUPPORTS_MAC_DESIGNED_FOR_IPHONE_IPAD = NO;
				SUPPORTS_XR_DESIGNED_FOR_IPHONE_IPAD = NO;
				SWIFT_APPROACHABLE_CONCURRENCY = YES;
				SWIFT_EMIT_LOC_STRINGS = NO;
				SWIFT_UPCOMING_FEATURE_MEMBER_IMPORT_VISIBILITY = YES;
				SWIFT_VERSION = 5.0;
				TARGETED_DEVICE_FAMILY = 1;
				TEST_HOST = "$(BUILT_PRODUCTS_DIR)/SwipeLingo.app/$(BUNDLE_EXECUTABLE_FOLDER_PATH)/SwipeLingo";
			};
			name = Release;
		};
		474BFB8A2F3C825C006E639B /* Debug */ = {
			isa = XCBuildConfiguration;
			buildSettings = {
				CODE_SIGN_STYLE = Automatic;
				CURRENT_PROJECT_VERSION = 1;
				DEVELOPMENT_TEAM = USBAK5HKC6;
				GENERATE_INFOPLIST_FILE = YES;
				IPHONEOS_DEPLOYMENT_TARGET = 18.0;
				MARKETING_VERSION = 1.0;
				PRODUCT_BUNDLE_IDENTIFIER = PELSH.SwipeLingoUITests;
				PRODUCT_NAME = "$(TARGET_NAME)";
				STRING_CATALOG_GENERATE_SYMBOLS = NO;
				SUPPORTED_PLATFORMS = "iphoneos iphonesimulator";
				SUPPORTS_MACCATALYST = NO;
				SUPPORTS_MAC_DESIGNED_FOR_IPHONE_IPAD = NO;
				SUPPORTS_XR_DESIGNED_FOR_IPHONE_IPAD = NO;
				SWIFT_APPROACHABLE_CONCURRENCY = YES;
				SWIFT_EMIT_LOC_STRINGS = NO;
				SWIFT_UPCOMING_FEATURE_MEMBER_IMPORT_VISIBILITY = YES;
				SWIFT_VERSION = 5.0;
				TARGETED_DEVICE_FAMILY = 1;
				TEST_TARGET_NAME = SwipeLingo;
			};
			name = Debug;
		};
		474BFB8B2F3C825C006E639B /* Release */ = {
			isa = XCBuildConfiguration;
			buildSettings = {
				CODE_SIGN_STYLE = Automatic;
				CURRENT_PROJECT_VERSION = 1;
				DEVELOPMENT_TEAM = USBAK5HKC6;
				GENERATE_INFOPLIST_FILE = YES;
				IPHONEOS_DEPLOYMENT_TARGET = 18.0;
				MARKETING_VERSION = 1.0;
				PRODUCT_BUNDLE_IDENTIFIER = PELSH.SwipeLingoUITests;
				PRODUCT_NAME = "$(TARGET_NAME)";
				STRING_CATALOG_GENERATE_SYMBOLS = NO;
				SUPPORTED_PLATFORMS = "iphoneos iphonesimulator";
				SUPPORTS_MACCATALYST = NO;
				SUPPORTS_MAC_DESIGNED_FOR_IPHONE_IPAD = NO;
				SUPPORTS_XR_DESIGNED_FOR_IPHONE_IPAD = NO;
				SWIFT_APPROACHABLE_CONCURRENCY = YES;
				SWIFT_EMIT_LOC_STRINGS = NO;
				SWIFT_UPCOMING_FEATURE_MEMBER_IMPORT_VISIBILITY = YES;
				SWIFT_VERSION = 5.0;
				TARGETED_DEVICE_FAMILY = 1;
				TEST_TARGET_NAME = SwipeLingo;
			};
			name = Release;
		};
/* End XCBuildConfiguration section */

/* Begin XCConfigurationList section */
		474BFB5D2F3C8255006E639B /* Build configuration list for PBXProject "SwipeLingo" */ = {
			isa = XCConfigurationList;
			buildConfigurations = (
				474BFB812F3C825C006E639B /* Debug */,
				474BFB822F3C825C006E639B /* Release */,
			);
			defaultConfigurationIsVisible = 0;
			defaultConfigurationName = Release;
		};
		474BFB832F3C825C006E639B /* Build configuration list for PBXNativeTarget "SwipeLingo" */ = {
			isa = XCConfigurationList;
			buildConfigurations = (
				474BFB842F3C825C006E639B /* Debug */,
				474BFB852F3C825C006E639B /* Release */,
			);
			defaultConfigurationIsVisible = 0;
			defaultConfigurationName = Release;
		};
		474BFB862F3C825C006E639B /* Build configuration list for PBXNativeTarget "SwipeLingoTests" */ = {
			isa = XCConfigurationList;
			buildConfigurations = (
				474BFB872F3C825C006E639B /* Debug */,
				474BFB882F3C825C006E639B /* Release */,
			);
			defaultConfigurationIsVisible = 0;
			defaultConfigurationName = Release;
		};
		474BFB892F3C825C006E639B /* Build configuration list for PBXNativeTarget "SwipeLingoUITests" */ = {
			isa = XCConfigurationList;
			buildConfigurations = (
				474BFB8A2F3C825C006E639B /* Debug */,
				474BFB8B2F3C825C006E639B /* Release */,
			);
			defaultConfigurationIsVisible = 0;
			defaultConfigurationName = Release;
		};
/* End XCConfigurationList section */
	};
	rootObject = 474BFB5A2F3C8255006E639B /* Project object */;
}
