// !$*UTF8*$!
{
	archiveVersion = 1;
	classes = {
	};
	objectVersion = 77;
	objects = {

/* Begin PBXBuildFile section */
		474F1FE12F7BB11800128E83 /* ErrorManager.swift in Sources */ = {isa = PBXBuildFile; fileRef = 474F1FE02F7BB11800128E83 /* ErrorManager.swift */; };
		474F1FE62F7BE2BA00128E83 /* DatabseErrorView.swift in Sources */ = {isa = PBXBuildFile; fileRef = 474F1FE52F7BE2BA00128E83 /* DatabseErrorView.swift */; };
		474F1FE82F7D304B00128E83 /* SearchBar.swift in Sources */ = {isa = PBXBuildFile; fileRef = 474F1FE72F7D304B00128E83 /* SearchBar.swift */; };
		474F1FEA2F7DAA9F00128E83 /* OnTopButton.swift in Sources */ = {isa = PBXBuildFile; fileRef = 474F1FE92F7DAA9F00128E83 /* OnTopButton.swift */; };
		474F1FEC2F7DAAD900128E83 /* CircleStrokeButtonView.swift in Sources */ = {isa = PBXBuildFile; fileRef = 474F1FEB2F7DAAD900128E83 /* CircleStrokeButtonView.swift */; };
		478C78022F7902F4005FBDFE /* SwipeLingoShare.appex in Embed Foundation Extensions */ = {isa = PBXBuildFile; fileRef = 478C77F82F7902F4005FBDFE /* SwipeLingoShare.appex */; settings = {ATTRIBUTES = (RemoveHeadersOnCopy, ); }; };
		478C784F2F794487005FBDFE /* AppFeature.swift in Sources */ = {isa = PBXBuildFile; fileRef = 478C78112F794487005FBDFE /* AppFeature.swift */; };
		478C78502F794487005FBDFE /* SwipeLingoApp.swift in Sources */ = {isa = PBXBuildFile; fileRef = 478C78122F794487005FBDFE /* SwipeLingoApp.swift */; };
		478C78512F794487005FBDFE /* CEFRBadgeView.swift in Sources */ = {isa = PBXBuildFile; fileRef = 478C78142F794487005FBDFE /* CEFRBadgeView.swift */; };
		478C78522F794487005FBDFE /* UnderlineSermentedPicker.swift in Sources */ = {isa = PBXBuildFile; fileRef = 478C78162F794487005FBDFE /* UnderlineSermentedPicker.swift */; };
		478C78532F794487005FBDFE /* UnderlineSermentedPickerNotOptional.swift in Sources */ = {isa = PBXBuildFile; fileRef = 478C78172F794487005FBDFE /* UnderlineSermentedPickerNotOptional.swift */; };
		478C78542F794487005FBDFE /* Bundle.swift in Sources */ = {isa = PBXBuildFile; fileRef = 478C78192F794487005FBDFE /* Bundle.swift */; };
		478C78552F794487005FBDFE /* Colors.swift in Sources */ = {isa = PBXBuildFile; fileRef = 478C781A2F794487005FBDFE /* Colors.swift */; };
		478C78562F794487005FBDFE /* DateFormater.swift in Sources */ = {isa = PBXBuildFile; fileRef = 478C781B2F794487005FBDFE /* DateFormater.swift */; };
		478C78572F794487005FBDFE /* JSON.swift in Sources */ = {isa = PBXBuildFile; fileRef = 478C781C2F794487005FBDFE /* JSON.swift */; };
		478C78582F794487005FBDFE /* Logger.swift in Sources */ = {isa = PBXBuildFile; fileRef = 478C781D2F794487005FBDFE /* Logger.swift */; };
		478C78592F794487005FBDFE /* Views.swift in Sources */ = {isa = PBXBuildFile; fileRef = 478C781E2F794487005FBDFE /* Views.swift */; };
		478C785A2F794487005FBDFE /* AddCardSetView.swift in Sources */ = {isa = PBXBuildFile; fileRef = 478C78202F794487005FBDFE /* AddCardSetView.swift */; };
		478C785B2F794487005FBDFE /* AddCollectionView.swift in Sources */ = {isa = PBXBuildFile; fileRef = 478C78212F794487005FBDFE /* AddCollectionView.swift */; };
		478C785C2F794487005FBDFE /* AddEditCardView.swift in Sources */ = {isa = PBXBuildFile; fileRef = 478C78222F794487005FBDFE /* AddEditCardView.swift */; };
		478C785D2F794487005FBDFE /* CardSetDetailView.swift in Sources */ = {isa = PBXBuildFile; fileRef = 478C78232F794487005FBDFE /* CardSetDetailView.swift */; };
		478C785E2F794487005FBDFE /* CollectionDetailView.swift in Sources */ = {isa = PBXBuildFile; fileRef = 478C78242F794487005FBDFE /* CollectionDetailView.swift */; };
		478C785F2F794487005FBDFE /* DeletedCardsView.swift in Sources */ = {isa = PBXBuildFile; fileRef = 478C78252F794487005FBDFE /* DeletedCardsView.swift */; };
		478C78602F794487005FBDFE /* LibraryView.swift in Sources */ = {isa = PBXBuildFile; fileRef = 478C78262F794487005FBDFE /* LibraryView.swift */; };
		478C78612F794487005FBDFE /* PileBuilderView.swift in Sources */ = {isa = PBXBuildFile; fileRef = 478C78272F794487005FBDFE /* PileBuilderView.swift */; };
		478C78622F794487005FBDFE /* PileBuilderViewModel.swift in Sources */ = {isa = PBXBuildFile; fileRef = 478C78282F794487005FBDFE /* PileBuilderViewModel.swift */; };
		478C78632F794487005FBDFE /* SettingsView.swift in Sources */ = {isa = PBXBuildFile; fileRef = 478C782A2F794487005FBDFE /* SettingsView.swift */; };
		478C78642F794487005FBDFE /* VoiceSettingsView.swift in Sources */ = {isa = PBXBuildFile; fileRef = 478C782B2F794487005FBDFE /* VoiceSettingsView.swift */; };
		478C78652F794487005FBDFE /* StatisticsView.swift in Sources */ = {isa = PBXBuildFile; fileRef = 478C782D2F794487005FBDFE /* StatisticsView.swift */; };
		478C78662F794487005FBDFE /* DictionaryLookupView.swift in Sources */ = {isa = PBXBuildFile; fileRef = 478C782F2F794487005FBDFE /* DictionaryLookupView.swift */; };
		478C78672F794487005FBDFE /* TinderCardsView.swift in Sources */ = {isa = PBXBuildFile; fileRef = 478C78302F794487005FBDFE /* TinderCardsView.swift */; };
		478C78682F794487005FBDFE /* TinderCardsViewModel.swift in Sources */ = {isa = PBXBuildFile; fileRef = 478C78312F794487005FBDFE /* TinderCardsViewModel.swift */; };
		478C78692F794487005FBDFE /* StudyView.swift in Sources */ = {isa = PBXBuildFile; fileRef = 478C78332F794487005FBDFE /* StudyView.swift */; };
		478C786A2F794487005FBDFE /* StudyViewModel.swift in Sources */ = {isa = PBXBuildFile; fileRef = 478C78342F794487005FBDFE /* StudyViewModel.swift */; };
		478C786B2F794487005FBDFE /* Card.swift in Sources */ = {isa = PBXBuildFile; fileRef = 478C78372F794487005FBDFE /* Card.swift */; };
		478C786C2F794487005FBDFE /* CardSet.swift in Sources */ = {isa = PBXBuildFile; fileRef = 478C78382F794487005FBDFE /* CardSet.swift */; };
		478C786D2F794487005FBDFE /* CardStatus.swift in Sources */ = {isa = PBXBuildFile; fileRef = 478C78392F794487005FBDFE /* CardStatus.swift */; };
		478C786E2F794487005FBDFE /* CEFRLevel.swift in Sources */ = {isa = PBXBuildFile; fileRef = 478C783A2F794487005FBDFE /* CEFRLevel.swift */; };
		478C786F2F794487005FBDFE /* Collection.swift in Sources */ = {isa = PBXBuildFile; fileRef = 478C783B2F794487005FBDFE /* Collection.swift */; };
		478C78702F794487005FBDFE /* DictionaryModels.swift in Sources */ = {isa = PBXBuildFile; fileRef = 478C783C2F794487005FBDFE /* DictionaryModels.swift */; };
		478C78712F794487005FBDFE /* EnglishPlusCard.swift in Sources */ = {isa = PBXBuildFile; fileRef = 478C783D2F794487005FBDFE /* EnglishPlusCard.swift */; };
		478C78722F794487005FBDFE /* Pile.swift in Sources */ = {isa = PBXBuildFile; fileRef = 478C783E2F794487005FBDFE /* Pile.swift */; };
		478C78732F794487005FBDFE /* Secrets.swift in Sources */ = {isa = PBXBuildFile; fileRef = 478C783F2F794487005FBDFE /* Secrets.swift */; };
		478C78742F794487005FBDFE /* ShuffleMethod.swift in Sources */ = {isa = PBXBuildFile; fileRef = 478C78402F794487005FBDFE /* ShuffleMethod.swift */; };
		478C78752F794487005FBDFE /* UserProfile.swift in Sources */ = {isa = PBXBuildFile; fileRef = 478C78412F794487005FBDFE /* UserProfile.swift */; };
		478C78762F794487005FBDFE /* AudioPlayerService.swift in Sources */ = {isa = PBXBuildFile; fileRef = 478C78452F794487005FBDFE /* AudioPlayerService.swift */; };
		478C78772F794487005FBDFE /* DictionaryService.swift in Sources */ = {isa = PBXBuildFile; fileRef = 478C78462F794487005FBDFE /* DictionaryService.swift */; };
		478C78782F794487005FBDFE /* FirestoreImportService.swift in Sources */ = {isa = PBXBuildFile; fileRef = 478C78472F794487005FBDFE /* FirestoreImportService.swift */; };
		478C78792F794487005FBDFE /* KeyboardManager.swift in Sources */ = {isa = PBXBuildFile; fileRef = 478C78482F794487005FBDFE /* KeyboardManager.swift */; };
		478C787A2F794487005FBDFE /* MockDataSeeder.swift in Sources */ = {isa = PBXBuildFile; fileRef = 478C78492F794487005FBDFE /* MockDataSeeder.swift */; };
		478C787B2F794487005FBDFE /* PileService.swift in Sources */ = {isa = PBXBuildFile; fileRef = 478C784A2F794487005FBDFE /* PileService.swift */; };
		478C787C2F794487005FBDFE /* SRSService.swift in Sources */ = {isa = PBXBuildFile; fileRef = 478C784B2F794487005FBDFE /* SRSService.swift */; };
		478C787D2F794487005FBDFE /* Assets.xcassets in Resources */ = {isa = PBXBuildFile; fileRef = 478C78432F794487005FBDFE /* Assets.xcassets */; };
		478C787E2F794487005FBDFE /* Assets.xcassets in Resources */ = {isa = PBXBuildFile; fileRef = 478C78432F794487005FBDFE /* Assets.xcassets */; };
		478C787F2F794487005FBDFE /* Colors.swift in Sources */ = {isa = PBXBuildFile; fileRef = 478C781A2F794487005FBDFE /* Colors.swift */; };
		478C78802F794487005FBDFE /* Views.swift in Sources */ = {isa = PBXBuildFile; fileRef = 478C781E2F794487005FBDFE /* Views.swift */; };
/* End PBXBuildFile section */

/* Begin PBXContainerItemProxy section */
		474BFB702F3C825C006E639B /* PBXContainerItemProxy */ = {
			isa = PBXContainerItemProxy;
			containerPortal = 474BFB5A2F3C8255006E639B /* Project object */;
			proxyType = 1;
			remoteGlobalIDString = 474BFB612F3C8255006E639B;
			remoteInfo = SwipeLingo;
		};
		474BFB7A2F3C825C006E639B /* PBXContainerItemProxy */ = {
			isa = PBXContainerItemProxy;
			containerPortal = 474BFB5A2F3C8255006E639B /* Project object */;
			proxyType = 1;
			remoteGlobalIDString = 474BFB612F3C8255006E639B;
			remoteInfo = SwipeLingo;
		};
		478C78002F7902F4005FBDFE /* PBXContainerItemProxy */ = {
			isa = PBXContainerItemProxy;
			containerPortal = 474BFB5A2F3C8255006E639B /* Project object */;
			proxyType = 1;
			remoteGlobalIDString = 478C77F72F7902F4005FBDFE;
			remoteInfo = SwipeLingoShare;
		};
/* End PBXContainerItemProxy section */

/* Begin PBXCopyFilesBuildPhase section */
		478C78072F7902F4005FBDFE /* Embed Foundation Extensions */ = {
			isa = PBXCopyFilesBuildPhase;
			buildActionMask = 2147483647;
			dstPath = "";
			dstSubfolderSpec = 13;
			files = (
				478C78022F7902F4005FBDFE /* SwipeLingoShare.appex in Embed Foundation Extensions */,
			);
			name = "Embed Foundation Extensions";
			runOnlyForDeploymentPostprocessing = 0;
		};
/* End PBXCopyFilesBuildPhase section */

/* Begin PBXFileReference section */
		474BFB622F3C8255006E639B /* SwipeLingo.app */ = {isa = PBXFileReference; explicitFileType = wrapper.application; includeInIndex = 0; path = SwipeLingo.app; sourceTree = BUILT_PRODUCTS_DIR; };
		474BFB6F2F3C825C006E639B /* SwipeLingoTests.xctest */ = {isa = PBXFileReference; explicitFileType = wrapper.cfbundle; includeInIndex = 0; path = SwipeLingoTests.xctest; sourceTree = BUILT_PRODUCTS_DIR; };
		474BFB792F3C825C006E639B /* SwipeLingoUITests.xctest */ = {isa = PBXFileReference; explicitFileType = wrapper.cfbundle; includeInIndex = 0; path = SwipeLingoUITests.xctest; sourceTree = BUILT_PRODUCTS_DIR; };
		474F1FE02F7BB11800128E83 /* ErrorManager.swift */ = {isa = PBXFileReference; lastKnownFileType = sourcecode.swift; path = ErrorManager.swift; sourceTree = "<group>"; };
		474F1FE52F7BE2BA00128E83 /* DatabseErrorView.swift */ = {isa = PBXFileReference; lastKnownFileType = sourcecode.swift; path = DatabseErrorView.swift; sourceTree = "<group>"; };
		474F1FE72F7D304B00128E83 /* SearchBar.swift */ = {isa = PBXFileReference; lastKnownFileType = sourcecode.swift; path = SearchBar.swift; sourceTree = "<group>"; };
		474F1FE92F7DAA9F00128E83 /* OnTopButton.swift */ = {isa = PBXFileReference; lastKnownFileType = sourcecode.swift; path = OnTopButton.swift; sourceTree = "<group>"; };
		474F1FEB2F7DAAD900128E83 /* CircleStrokeButtonView.swift */ = {isa = PBXFileReference; lastKnownFileType = sourcecode.swift; path = CircleStrokeButtonView.swift; sourceTree = "<group>"; };
		478C77F82F7902F4005FBDFE /* SwipeLingoShare.appex */ = {isa = PBXFileReference; explicitFileType = "wrapper.app-extension"; includeInIndex = 0; path = SwipeLingoShare.appex; sourceTree = BUILT_PRODUCTS_DIR; };
		478C78112F794487005FBDFE /* AppFeature.swift */ = {isa = PBXFileReference; lastKnownFileType = sourcecode.swift; path = AppFeature.swift; sourceTree = "<group>"; };
		478C78122F794487005FBDFE /* SwipeLingoApp.swift */ = {isa = PBXFileReference; lastKnownFileType = sourcecode.swift; path = SwipeLingoApp.swift; sourceTree = "<group>"; };
		478C78142F794487005FBDFE /* CEFRBadgeView.swift */ = {isa = PBXFileReference; lastKnownFileType = sourcecode.swift; path = CEFRBadgeView.swift; sourceTree = "<group>"; };
		478C78162F794487005FBDFE /* UnderlineSermentedPicker.swift */ = {isa = PBXFileReference; lastKnownFileType = sourcecode.swift; path = UnderlineSermentedPicker.swift; sourceTree = "<group>"; };
		478C78172F794487005FBDFE /* UnderlineSermentedPickerNotOptional.swift */ = {isa = PBXFileReference; lastKnownFileType = sourcecode.swift; path = UnderlineSermentedPickerNotOptional.swift; sourceTree = "<group>"; };
		478C78192F794487005FBDFE /* Bundle.swift */ = {isa = PBXFileReference; lastKnownFileType = sourcecode.swift; path = Bundle.swift; sourceTree = "<group>"; };
		478C781A2F794487005FBDFE /* Colors.swift */ = {isa = PBXFileReference; lastKnownFileType = sourcecode.swift; path = Colors.swift; sourceTree = "<group>"; };
		478C781B2F794487005FBDFE /* DateFormater.swift */ = {isa = PBXFileReference; lastKnownFileType = sourcecode.swift; path = DateFormater.swift; sourceTree = "<group>"; };
		478C781C2F794487005FBDFE /* JSON.swift */ = {isa = PBXFileReference; lastKnownFileType = sourcecode.swift; path = JSON.swift; sourceTree = "<group>"; };
		478C781D2F794487005FBDFE /* Logger.swift */ = {isa = PBXFileReference; lastKnownFileType = sourcecode.swift; path = Logger.swift; sourceTree = "<group>"; };
		478C781E2F794487005FBDFE /* Views.swift */ = {isa = PBXFileReference; lastKnownFileType = sourcecode.swift; path = Views.swift; sourceTree = "<group>"; };
		478C78202F794487005FBDFE /* AddCardSetView.swift */ = {isa = PBXFileReference; lastKnownFileType = sourcecode.swift; path = AddCardSetView.swift; sourceTree = "<group>"; };
		478C78212F794487005FBDFE /* AddCollectionView.swift */ = {isa = PBXFileReference; lastKnownFileType = sourcecode.swift; path = AddCollectionView.swift; sourceTree = "<group>"; };
		478C78222F794487005FBDFE /* AddEditCardView.swift */ = {isa = PBXFileReference; lastKnownFileType = sourcecode.swift; path = AddEditCardView.swift; sourceTree = "<group>"; };
		478C78232F794487005FBDFE /* CardSetDetailView.swift */ = {isa = PBXFileReference; lastKnownFileType = sourcecode.swift; path = CardSetDetailView.swift; sourceTree = "<group>"; };
		478C78242F794487005FBDFE /* CollectionDetailView.swift */ = {isa = PBXFileReference; lastKnownFileType = sourcecode.swift; path = CollectionDetailView.swift; sourceTree = "<group>"; };
		478C78252F794487005FBDFE /* DeletedCardsView.swift */ = {isa = PBXFileReference; lastKnownFileType = sourcecode.swift; path = DeletedCardsView.swift; sourceTree = "<group>"; };
		478C78262F794487005FBDFE /* LibraryView.swift */ = {isa = PBXFileReference; lastKnownFileType = sourcecode.swift; path = LibraryView.swift; sourceTree = "<group>"; };
		478C78272F794487005FBDFE /* PileBuilderView.swift */ = {isa = PBXFileReference; lastKnownFileType = sourcecode.swift; path = PileBuilderView.swift; sourceTree = "<group>"; };
		478C78282F794487005FBDFE /* PileBuilderViewModel.swift */ = {isa = PBXFileReference; lastKnownFileType = sourcecode.swift; path = PileBuilderViewModel.swift; sourceTree = "<group>"; };
		478C782A2F794487005FBDFE /* SettingsView.swift */ = {isa = PBXFileReference; lastKnownFileType = sourcecode.swift; path = SettingsView.swift; sourceTree = "<group>"; };
		478C782B2F794487005FBDFE /* VoiceSettingsView.swift */ = {isa = PBXFileReference; lastKnownFileType = sourcecode.swift; path = VoiceSettingsView.swift; sourceTree = "<group>"; };
		478C782D2F794487005FBDFE /* StatisticsView.swift */ = {isa = PBXFileReference; lastKnownFileType = sourcecode.swift; path = StatisticsView.swift; sourceTree = "<group>"; };
		478C782F2F794487005FBDFE /* DictionaryLookupView.swift */ = {isa = PBXFileReference; lastKnownFileType = sourcecode.swift; path = DictionaryLookupView.swift; sourceTree = "<group>"; };
		478C78302F794487005FBDFE /* TinderCardsView.swift */ = {isa = PBXFileReference; lastKnownFileType = sourcecode.swift; path = TinderCardsView.swift; sourceTree = "<group>"; };
		478C78312F794487005FBDFE /* TinderCardsViewModel.swift */ = {isa = PBXFileReference; lastKnownFileType = sourcecode.swift; path = TinderCardsViewModel.swift; sourceTree = "<group>"; };
		478C78332F794487005FBDFE /* StudyView.swift */ = {isa = PBXFileReference; lastKnownFileType = sourcecode.swift; path = StudyView.swift; sourceTree = "<group>"; };
		478C78342F794487005FBDFE /* StudyViewModel.swift */ = {isa = PBXFileReference; lastKnownFileType = sourcecode.swift; path = StudyViewModel.swift; sourceTree = "<group>"; };
		478C78372F794487005FBDFE /* Card.swift */ = {isa = PBXFileReference; lastKnownFileType = sourcecode.swift; path = Card.swift; sourceTree = "<group>"; };
		478C78382F794487005FBDFE /* CardSet.swift */ = {isa = PBXFileReference; lastKnownFileType = sourcecode.swift; path = CardSet.swift; sourceTree = "<group>"; };
		478C78392F794487005FBDFE /* CardStatus.swift */ = {isa = PBXFileReference; lastKnownFileType = sourcecode.swift; path = CardStatus.swift; sourceTree = "<group>"; };
		478C783A2F794487005FBDFE /* CEFRLevel.swift */ = {isa = PBXFileReference; lastKnownFileType = sourcecode.swift; path = CEFRLevel.swift; sourceTree = "<group>"; };
		478C783B2F794487005FBDFE /* Collection.swift */ = {isa = PBXFileReference; lastKnownFileType = sourcecode.swift; path = Collection.swift; sourceTree = "<group>"; };
		478C783C2F794487005FBDFE /* DictionaryModels.swift */ = {isa = PBXFileReference; lastKnownFileType = sourcecode.swift; path = DictionaryModels.swift; sourceTree = "<group>"; };
		478C783D2F794487005FBDFE /* EnglishPlusCard.swift */ = {isa = PBXFileReference; lastKnownFileType = sourcecode.swift; path = EnglishPlusCard.swift; sourceTree = "<group>"; };
		478C783E2F794487005FBDFE /* Pile.swift */ = {isa = PBXFileReference; lastKnownFileType = sourcecode.swift; path = Pile.swift; sourceTree = "<group>"; };
		478C783F2F794487005FBDFE /* Secrets.swift */ = {isa = PBXFileReference; lastKnownFileType = sourcecode.swift; path = Secrets.swift; sourceTree = "<group>"; };
		478C78402F794487005FBDFE /* ShuffleMethod.swift */ = {isa = PBXFileReference; lastKnownFileType = sourcecode.swift; path = ShuffleMethod.swift; sourceTree = "<group>"; };
		478C78412F794487005FBDFE /* UserProfile.swift */ = {isa = PBXFileReference; lastKnownFileType = sourcecode.swift; path = UserProfile.swift; sourceTree = "<group>"; };
		478C78432F794487005FBDFE /* Assets.xcassets */ = {isa = PBXFileReference; lastKnownFileType = folder.assetcatalog; path = Assets.xcassets; sourceTree = "<group>"; };
		478C78452F794487005FBDFE /* AudioPlayerService.swift */ = {isa = PBXFileReference; lastKnownFileType = sourcecode.swift; path = AudioPlayerService.swift; sourceTree = "<group>"; };
		478C78462F794487005FBDFE /* DictionaryService.swift */ = {isa = PBXFileReference; lastKnownFileType = sourcecode.swift; path = DictionaryService.swift; sourceTree = "<group>"; };
		478C78472F794487005FBDFE /* FirestoreImportService.swift */ = {isa = PBXFileReference; lastKnownFileType = sourcecode.swift; path = FirestoreImportService.swift; sourceTree = "<group>"; };
		478C78482F794487005FBDFE /* KeyboardManager.swift */ = {isa = PBXFileReference; lastKnownFileType = sourcecode.swift; path = KeyboardManager.swift; sourceTree = "<group>"; };
		478C78492F794487005FBDFE /* MockDataSeeder.swift */ = {isa = PBXFileReference; lastKnownFileType = sourcecode.swift; path = MockDataSeeder.swift; sourceTree = "<group>"; };
		478C784A2F794487005FBDFE /* PileService.swift */ = {isa = PBXFileReference; lastKnownFileType = sourcecode.swift; path = PileService.swift; sourceTree = "<group>"; };
		478C784B2F794487005FBDFE /* SRSService.swift */ = {isa = PBXFileReference; lastKnownFileType = sourcecode.swift; path = SRSService.swift; sourceTree = "<group>"; };
		478C784D2F794487005FBDFE /* SwipeLingo.entitlements */ = {isa = PBXFileReference; lastKnownFileType = text.plist.entitlements; path = SwipeLingo.entitlements; sourceTree = "<group>"; };
/* End PBXFileReference section */

/* Begin PBXFileSystemSynchronizedBuildFileExceptionSet section */
		478C78032F7902F4005FBDFE /* Exceptions for "SwipeLingoShare" folder in "SwipeLingoShare" target */ = {
			isa = PBXFileSystemSynchronizedBuildFileExceptionSet;
			membershipExceptions = (
				Info.plist,
			);
			target = 478C77F72F7902F4005FBDFE /* SwipeLingoShare */;
		};
/* End PBXFileSystemSynchronizedBuildFileExceptionSet section */

/* Begin PBXFileSystemSynchronizedRootGroup section */
		474BFB722F3C825C006E639B /* SwipeLingoTests */ = {
			isa = PBXFileSystemSynchronizedRootGroup;
			path = SwipeLingoTests;
			sourceTree = "<group>";
		};
		474BFB7C2F3C825C006E639B /* SwipeLingoUITests */ = {
			isa = PBXFileSystemSynchronizedRootGroup;
			path = SwipeLingoUITests;
			sourceTree = "<group>";
		};
		478C77F92F7902F4005FBDFE /* SwipeLingoShare */ = {
			isa = PBXFileSystemSynchronizedRootGroup;
			exceptions = (
				478C78032F7902F4005FBDFE /* Exceptions for "SwipeLingoShare" folder in "SwipeLingoShare" target */,
			);
			path = SwipeLingoShare;
			sourceTree = "<group>";
		};
/* End PBXFileSystemSynchronizedRootGroup section */

/* Begin PBXFrameworksBuildPhase section */
		474BFB5F2F3C8255006E639B /* Frameworks */ = {
			isa = PBXFrameworksBuildPhase;
			buildActionMask = 2147483647;
			files = (
			);
			runOnlyForDeploymentPostprocessing = 0;
		};
		474BFB6C2F3C825C006E639B /* Frameworks */ = {
			isa = PBXFrameworksBuildPhase;
			buildActionMask = 2147483647;
			files = (
			);
			runOnlyForDeploymentPostprocessing = 0;
		};
		474BFB762F3C825C006E639B /* Frameworks */ = {
			isa = PBXFrameworksBuildPhase;
			buildActionMask = 2147483647;
			files = (
			);
			runOnlyForDeploymentPostprocessing = 0;
		};
		478C77F52F7902F4005FBDFE /* Frameworks */ = {
			isa = PBXFrameworksBuildPhase;
			buildActionMask = 2147483647;
			files = (
			);
			runOnlyForDeploymentPostprocessing = 0;
		};
/* End PBXFrameworksBuildPhase section */

/* Begin PBXGroup section */
		474BFB592F3C8255006E639B = {
			isa = PBXGroup;
			children = (
				478C784E2F794487005FBDFE /* SwipeLingo */,
				474BFB722F3C825C006E639B /* SwipeLingoTests */,
				474BFB7C2F3C825C006E639B /* SwipeLingoUITests */,
				478C77F92F7902F4005FBDFE /* SwipeLingoShare */,
				474BFB632F3C8255006E639B /* Products */,
			);
			sourceTree = "<group>";
		};
		474BFB632F3C8255006E639B /* Products */ = {
			isa = PBXGroup;
			children = (
				474BFB622F3C8255006E639B /* SwipeLingo.app */,
				474BFB6F2F3C825C006E639B /* SwipeLingoTests.xctest */,
				474BFB792F3C825C006E639B /* SwipeLingoUITests.xctest */,
				478C77F82F7902F4005FBDFE /* SwipeLingoShare.appex */,
			);
			name = Products;
			sourceTree = "<group>";
		};
		478C78132F794487005FBDFE /* App */ = {
			isa = PBXGroup;
			children = (
				478C78112F794487005FBDFE /* AppFeature.swift */,
				478C78122F794487005FBDFE /* SwipeLingoApp.swift */,
				474F1FE52F7BE2BA00128E83 /* DatabseErrorView.swift */,
			);
			path = App;
			sourceTree = "<group>";
		};
		478C78152F794487005FBDFE /* Components */ = {
			isa = PBXGroup;
			children = (
				478C78142F794487005FBDFE /* CEFRBadgeView.swift */,
			);
			path = Components;
			sourceTree = "<group>";
		};
		478C78182F794487005FBDFE /* Pickets */ = {
			isa = PBXGroup;
			children = (
				478C78162F794487005FBDFE /* UnderlineSermentedPicker.swift */,
				478C78172F794487005FBDFE /* UnderlineSermentedPickerNotOptional.swift */,
			);
			path = Pickets;
			sourceTree = "<group>";
		};
		478C781F2F794487005FBDFE /* CustomFeatures */ = {
			isa = PBXGroup;
			children = (
				474F1FE72F7D304B00128E83 /* SearchBar.swift */,
				474F1FE92F7DAA9F00128E83 /* OnTopButton.swift */,
				474F1FEB2F7DAAD900128E83 /* CircleStrokeButtonView.swift */,
				478C78152F794487005FBDFE /* Components */,
				478C78182F794487005FBDFE /* Pickets */,
				478C78192F794487005FBDFE /* Bundle.swift */,
				478C781A2F794487005FBDFE /* Colors.swift */,
				478C781B2F794487005FBDFE /* DateFormater.swift */,
				478C781C2F794487005FBDFE /* JSON.swift */,
				478C781D2F794487005FBDFE /* Logger.swift */,
				478C781E2F794487005FBDFE /* Views.swift */,
			);
			path = CustomFeatures;
			sourceTree = "<group>";
		};
		478C78292F794487005FBDFE /* Library */ = {
			isa = PBXGroup;
			children = (
				478C78262F794487005FBDFE /* LibraryView.swift */,
				478C78272F794487005FBDFE /* PileBuilderView.swift */,
				478C78242F794487005FBDFE /* CollectionDetailView.swift */,
				478C78232F794487005FBDFE /* CardSetDetailView.swift */,
				478C78202F794487005FBDFE /* AddCardSetView.swift */,
				478C78212F794487005FBDFE /* AddCollectionView.swift */,
				478C78222F794487005FBDFE /* AddEditCardView.swift */,
				478C78252F794487005FBDFE /* DeletedCardsView.swift */,
				478C78282F794487005FBDFE /* PileBuilderViewModel.swift */,
			);
			path = Library;
			sourceTree = "<group>";
		};
		478C782C2F794487005FBDFE /* Settings */ = {
			isa = PBXGroup;
			children = (
				478C782A2F794487005FBDFE /* SettingsView.swift */,
				478C782B2F794487005FBDFE /* VoiceSettingsView.swift */,
			);
			path = Settings;
			sourceTree = "<group>";
		};
		478C782E2F794487005FBDFE /* Statistics */ = {
			isa = PBXGroup;
			children = (
				478C782D2F794487005FBDFE /* StatisticsView.swift */,
			);
			path = Statistics;
			sourceTree = "<group>";
		};
		478C78322F794487005FBDFE /* TinderCards */ = {
			isa = PBXGroup;
			children = (
				478C78312F794487005FBDFE /* TinderCardsViewModel.swift */,
				478C78302F794487005FBDFE /* TinderCardsView.swift */,
				478C782F2F794487005FBDFE /* DictionaryLookupView.swift */,
			);
			path = TinderCards;
			sourceTree = "<group>";
		};
		478C78352F794487005FBDFE /* Study */ = {
			isa = PBXGroup;
			children = (
				478C78322F794487005FBDFE /* TinderCards */,
				478C78332F794487005FBDFE /* StudyView.swift */,
				478C78342F794487005FBDFE /* StudyViewModel.swift */,
			);
			path = Study;
			sourceTree = "<group>";
		};
		478C78362F794487005FBDFE /* Features */ = {
			isa = PBXGroup;
			children = (
				478C78292F794487005FBDFE /* Library */,
				478C782C2F794487005FBDFE /* Settings */,
				478C782E2F794487005FBDFE /* Statistics */,
				478C78352F794487005FBDFE /* Study */,
			);
			path = Features;
			sourceTree = "<group>";
		};
		478C78422F794487005FBDFE /* Models */ = {
			isa = PBXGroup;
			children = (
				478C78372F794487005FBDFE /* Card.swift */,
				478C78382F794487005FBDFE /* CardSet.swift */,
				478C78392F794487005FBDFE /* CardStatus.swift */,
				478C783A2F794487005FBDFE /* CEFRLevel.swift */,
				478C783B2F794487005FBDFE /* Collection.swift */,
				478C783C2F794487005FBDFE /* DictionaryModels.swift */,
				478C783D2F794487005FBDFE /* EnglishPlusCard.swift */,
				478C783E2F794487005FBDFE /* Pile.swift */,
				478C783F2F794487005FBDFE /* Secrets.swift */,
				478C78402F794487005FBDFE /* ShuffleMethod.swift */,
				478C78412F794487005FBDFE /* UserProfile.swift */,
			);
			path = Models;
			sourceTree = "<group>";
		};
		478C78442F794487005FBDFE /* Resources */ = {
			isa = PBXGroup;
			children = (
				478C78432F794487005FBDFE /* Assets.xcassets */,
			);
			path = Resources;
			sourceTree = "<group>";
		};
		478C784C2F794487005FBDFE /* Services */ = {
			isa = PBXGroup;
			children = (
				474F1FE02F7BB11800128E83 /* ErrorManager.swift */,
				478C78452F794487005FBDFE /* AudioPlayerService.swift */,
				478C78462F794487005FBDFE /* DictionaryService.swift */,
				478C78472F794487005FBDFE /* FirestoreImportService.swift */,
				478C78482F794487005FBDFE /* KeyboardManager.swift */,
				478C78492F794487005FBDFE /* MockDataSeeder.swift */,
				478C784A2F794487005FBDFE /* PileService.swift */,
				478C784B2F794487005FBDFE /* SRSService.swift */,
			);
			path = Services;
			sourceTree = "<group>";
		};
		478C784E2F794487005FBDFE /* SwipeLingo */ = {
			isa = PBXGroup;
			children = (
				478C78132F794487005FBDFE /* App */,
				478C781F2F794487005FBDFE /* CustomFeatures */,
				478C78362F794487005FBDFE /* Features */,
				478C78422F794487005FBDFE /* Models */,
				478C78442F794487005FBDFE /* Resources */,
				478C784C2F794487005FBDFE /* Services */,
				478C784D2F794487005FBDFE /* SwipeLingo.entitlements */,
			);
			path = SwipeLingo;
			sourceTree = "<group>";
		};
/* End PBXGroup section */

/* Begin PBXNativeTarget section */
		474BFB612F3C8255006E639B /* SwipeLingo */ = {
			isa = PBXNativeTarget;
			buildConfigurationList = 474BFB832F3C825C006E639B /* Build configuration list for PBXNativeTarget "SwipeLingo" */;
			buildPhases = (
				474BFB5E2F3C8255006E639B /* Sources */,
				474BFB5F2F3C8255006E639B /* Frameworks */,
				474BFB602F3C8255006E639B /* Resources */,
				478C78072F7902F4005FBDFE /* Embed Foundation Extensions */,
			);
			buildRules = (
			);
			dependencies = (
				478C78012F7902F4005FBDFE /* PBXTargetDependency */,
			);
			name = SwipeLingo;
			packageProductDependencies = (
			);
			productName = SwipeLingo;
			productReference = 474BFB622F3C8255006E639B /* SwipeLingo.app */;
			productType = "com.apple.product-type.application";
		};
		474BFB6E2F3C825C006E639B /* SwipeLingoTests */ = {
			isa = PBXNativeTarget;
			buildConfigurationList = 474BFB862F3C825C006E639B /* Build configuration list for PBXNativeTarget "SwipeLingoTests" */;
			buildPhases = (
				474BFB6B2F3C825C006E639B /* Sources */,
				474BFB6C2F3C825C006E639B /* Frameworks */,
				474BFB6D2F3C825C006E639B /* Resources */,
			);
			buildRules = (
			);
			dependencies = (
				474BFB712F3C825C006E639B /* PBXTargetDependency */,
			);
			fileSystemSynchronizedGroups = (
				474BFB722F3C825C006E639B /* SwipeLingoTests */,
			);
			name = SwipeLingoTests;
			packageProductDependencies = (
			);
			productName = SwipeLingoTests;
			productReference = 474BFB6F2F3C825C006E639B /* SwipeLingoTests.xctest */;
			productType = "com.apple.product-type.bundle.unit-test";
		};
		474BFB782F3C825C006E639B /* SwipeLingoUITests */ = {
			isa = PBXNativeTarget;
			buildConfigurationList = 474BFB892F3C825C006E639B /* Build configuration list for PBXNativeTarget "SwipeLingoUITests" */;
			buildPhases = (
				474BFB752F3C825C006E639B /* Sources */,
				474BFB762F3C825C006E639B /* Frameworks */,
				474BFB772F3C825C006E639B /* Resources */,
			);
			buildRules = (
			);
			dependencies = (
				474BFB7B2F3C825C006E639B /* PBXTargetDependency */,
			);
			fileSystemSynchronizedGroups = (
				474BFB7C2F3C825C006E639B /* SwipeLingoUITests */,
			);
			name = SwipeLingoUITests;
			packageProductDependencies = (
			);
			productName = SwipeLingoUITests;
			productReference = 474BFB792F3C825C006E639B /* SwipeLingoUITests.xctest */;
			productType = "com.apple.product-type.bundle.ui-testing";
		};
		478C77F72F7902F4005FBDFE /* SwipeLingoShare */ = {
			isa = PBXNativeTarget;
			buildConfigurationList = 478C78042F7902F4005FBDFE /* Build configuration list for PBXNativeTarget "SwipeLingoShare" */;
			buildPhases = (
				478C77F42F7902F4005FBDFE /* Sources */,
				478C77F52F7902F4005FBDFE /* Frameworks */,
				478C77F62F7902F4005FBDFE /* Resources */,
			);
			buildRules = (
			);
			dependencies = (
			);
			fileSystemSynchronizedGroups = (
				478C77F92F7902F4005FBDFE /* SwipeLingoShare */,
			);
			name = SwipeLingoShare;
			packageProductDependencies = (
			);
			productName = SwipeLingoShare;
			productReference = 478C77F82F7902F4005FBDFE /* SwipeLingoShare.appex */;
			productType = "com.apple.product-type.app-extension";
		};
/* End PBXNativeTarget section */

/* Begin PBXProject section */
		474BFB5A2F3C8255006E639B /* Project object */ = {
			isa = PBXProject;
			attributes = {
				BuildIndependentTargetsInParallel = 1;
				LastSwiftUpdateCheck = 2630;
				LastUpgradeCheck = 2630;
				TargetAttributes = {
					474BFB612F3C8255006E639B = {
						CreatedOnToolsVersion = 26.2;
					};
					474BFB6E2F3C825C006E639B = {
						CreatedOnToolsVersion = 26.2;
						TestTargetID = 474BFB612F3C8255006E639B;
					};
					474BFB782F3C825C006E639B = {
						CreatedOnToolsVersion = 26.2;
						TestTargetID = 474BFB612F3C8255006E639B;
					};
					478C77F72F7902F4005FBDFE = {
						CreatedOnToolsVersion = 26.3;
					};
				};
			};
			buildConfigurationList = 474BFB5D2F3C8255006E639B /* Build configuration list for PBXProject "SwipeLingo" */;
			developmentRegion = en;
			hasScannedForEncodings = 0;
			knownRegions = (
				en,
				Base,
			);
			mainGroup = 474BFB592F3C8255006E639B;
			minimizedProjectReferenceProxies = 1;
			packageReferences = (
			);
			preferredProjectObjectVersion = 77;
			productRefGroup = 474BFB632F3C8255006E639B /* Products */;
			projectDirPath = "";
			projectRoot = "";
			targets = (
				474BFB612F3C8255006E639B /* SwipeLingo */,
				474BFB6E2F3C825C006E639B /* SwipeLingoTests */,
				474BFB782F3C825C006E639B /* SwipeLingoUITests */,
				478C77F72F7902F4005FBDFE /* SwipeLingoShare */,
			);
		};
/* End PBXProject section */

/* Begin PBXResourcesBuildPhase section */
		474BFB602F3C8255006E639B /* Resources */ = {
			isa = PBXResourcesBuildPhase;
			buildActionMask = 2147483647;
			files = (
				478C787D2F794487005FBDFE /* Assets.xcassets in Resources */,
			);
			runOnlyForDeploymentPostprocessing = 0;
		};
		474BFB6D2F3C825C006E639B /* Resources */ = {
			isa = PBXResourcesBuildPhase;
			buildActionMask = 2147483647;
			files = (
			);
			runOnlyForDeploymentPostprocessing = 0;
		};
		474BFB772F3C825C006E639B /* Resources */ = {
			isa = PBXResourcesBuildPhase;
			buildActionMask = 2147483647;
			files = (
			);
			runOnlyForDeploymentPostprocessing = 0;
		};
		478C77F62F7902F4005FBDFE /* Resources */ = {
			isa = PBXResourcesBuildPhase;
			buildActionMask = 2147483647;
			files = (
				478C787E2F794487005FBDFE /* Assets.xcassets in Resources */,
			);
			runOnlyForDeploymentPostprocessing = 0;
		};
/* End PBXResourcesBuildPhase section */

/* Begin PBXSourcesBuildPhase section */
		474BFB5E2F3C8255006E639B /* Sources */ = {
			isa = PBXSourcesBuildPhase;
			buildActionMask = 2147483647;
			files = (
				474F1FEA2F7DAA9F00128E83 /* OnTopButton.swift in Sources */,
				474F1FE12F7BB11800128E83 /* ErrorManager.swift in Sources */,
				478C784F2F794487005FBDFE /* AppFeature.swift in Sources */,
				478C78502F794487005FBDFE /* SwipeLingoApp.swift in Sources */,
				478C78512F794487005FBDFE /* CEFRBadgeView.swift in Sources */,
				478C78522F794487005FBDFE /* UnderlineSermentedPicker.swift in Sources */,
				478C78532F794487005FBDFE /* UnderlineSermentedPickerNotOptional.swift in Sources */,
				478C78542F794487005FBDFE /* Bundle.swift in Sources */,
				478C78552F794487005FBDFE /* Colors.swift in Sources */,
				478C78562F794487005FBDFE /* DateFormater.swift in Sources */,
				478C78572F794487005FBDFE /* JSON.swift in Sources */,
				478C78582F794487005FBDFE /* Logger.swift in Sources */,
				478C78592F794487005FBDFE /* Views.swift in Sources */,
				478C785A2F794487005FBDFE /* AddCardSetView.swift in Sources */,
				478C785B2F794487005FBDFE /* AddCollectionView.swift in Sources */,
				478C785C2F794487005FBDFE /* AddEditCardView.swift in Sources */,
				478C785D2F794487005FBDFE /* CardSetDetailView.swift in Sources */,
				478C785E2F794487005FBDFE /* CollectionDetailView.swift in Sources */,
				478C785F2F794487005FBDFE /* DeletedCardsView.swift in Sources */,
				478C78602F794487005FBDFE /* LibraryView.swift in Sources */,
				478C78612F794487005FBDFE /* PileBuilderView.swift in Sources */,
				478C78622F794487005FBDFE /* PileBuilderViewModel.swift in Sources */,
				478C78632F794487005FBDFE /* SettingsView.swift in Sources */,
				478C78642F794487005FBDFE /* VoiceSettingsView.swift in Sources */,
				478C78652F794487005FBDFE /* StatisticsView.swift in Sources */,
				478C78662F794487005FBDFE /* DictionaryLookupView.swift in Sources */,
				478C78672F794487005FBDFE /* TinderCardsView.swift in Sources */,
				478C78682F794487005FBDFE /* TinderCardsViewModel.swift in Sources */,
				478C78692F794487005FBDFE /* StudyView.swift in Sources */,
				474F1FE62F7BE2BA00128E83 /* DatabseErrorView.swift in Sources */,
				478C786A2F794487005FBDFE /* StudyViewModel.swift in Sources */,
				478C786B2F794487005FBDFE /* Card.swift in Sources */,
				478C786C2F794487005FBDFE /* CardSet.swift in Sources */,
				478C786D2F794487005FBDFE /* CardStatus.swift in Sources */,
				478C786E2F794487005FBDFE /* CEFRLevel.swift in Sources */,
				478C786F2F794487005FBDFE /* Collection.swift in Sources */,
				478C78702F794487005FBDFE /* DictionaryModels.swift in Sources */,
				478C78712F794487005FBDFE /* EnglishPlusCard.swift in Sources */,
				478C78722F794487005FBDFE /* Pile.swift in Sources */,
				478C78732F794487005FBDFE /* Secrets.swift in Sources */,
				478C78742F794487005FBDFE /* ShuffleMethod.swift in Sources */,
				474F1FEC2F7DAAD900128E83 /* CircleStrokeButtonView.swift in Sources */,
				478C78752F794487005FBDFE /* UserProfile.swift in Sources */,
				478C78762F794487005FBDFE /* AudioPlayerService.swift in Sources */,
				474F1FE82F7D304B00128E83 /* SearchBar.swift in Sources */,
				478C78772F794487005FBDFE /* DictionaryService.swift in Sources */,
				478C78782F794487005FBDFE /* FirestoreImportService.swift in Sources */,
				478C78792F794487005FBDFE /* KeyboardManager.swift in Sources */,
				478C787A2F794487005FBDFE /* MockDataSeeder.swift in Sources */,
				478C787B2F794487005FBDFE /* PileService.swift in Sources */,
				478C787C2F794487005FBDFE /* SRSService.swift in Sources */,
			);
			runOnlyForDeploymentPostprocessing = 0;
		};
		474BFB6B2F3C825C006E639B /* Sources */ = {
			isa = PBXSourcesBuildPhase;
			buildActionMask = 2147483647;
			files = (
			);
			runOnlyForDeploymentPostprocessing = 0;
		};
		474BFB752F3C825C006E639B /* Sources */ = {
			isa = PBXSourcesBuildPhase;
			buildActionMask = 2147483647;
			files = (
			);
			runOnlyForDeploymentPostprocessing = 0;
		};
		478C77F42F7902F4005FBDFE /* Sources */ = {
			isa = PBXSourcesBuildPhase;
			buildActionMask = 2147483647;
			files = (
				478C787F2F794487005FBDFE /* Colors.swift in Sources */,
				478C78802F794487005FBDFE /* Views.swift in Sources */,
			);
			runOnlyForDeploymentPostprocessing = 0;
		};
/* End PBXSourcesBuildPhase section */

/* Begin PBXTargetDependency section */
		474BFB712F3C825C006E639B /* PBXTargetDependency */ = {
			isa = PBXTargetDependency;
			target = 474BFB612F3C8255006E639B /* SwipeLingo */;
			targetProxy = 474BFB702F3C825C006E639B /* PBXContainerItemProxy */;
		};
		474BFB7B2F3C825C006E639B /* PBXTargetDependency */ = {
			isa = PBXTargetDependency;
			target = 474BFB612F3C8255006E639B /* SwipeLingo */;
			targetProxy = 474BFB7A2F3C825C006E639B /* PBXContainerItemProxy */;
		};
		478C78012F7902F4005FBDFE /* PBXTargetDependency */ = {
			isa = PBXTargetDependency;
			target = 478C77F72F7902F4005FBDFE /* SwipeLingoShare */;
			targetProxy = 478C78002F7902F4005FBDFE /* PBXContainerItemProxy */;
		};
/* End PBXTargetDependency section */

/* Begin XCBuildConfiguration section */
		474BFB812F3C825C006E639B /* Debug */ = {
			isa = XCBuildConfiguration;
			buildSettings = {
				ALWAYS_SEARCH_USER_PATHS = NO;
				ASSETCATALOG_COMPILER_GENERATE_SWIFT_ASSET_SYMBOL_EXTENSIONS = YES;
				CLANG_ANALYZER_NONNULL = YES;
				CLANG_ANALYZER_NUMBER_OBJECT_CONVERSION = YES_AGGRESSIVE;
				CLANG_CXX_LANGUAGE_STANDARD = "gnu++20";
				CLANG_ENABLE_MODULES = YES;
				CLANG_ENABLE_OBJC_ARC = YES;
				CLANG_ENABLE_OBJC_WEAK = YES;
				CLANG_WARN_BLOCK_CAPTURE_AUTORELEASING = YES;
				CLANG_WARN_BOOL_CONVERSION = YES;
				CLANG_WARN_COMMA = YES;
				CLANG_WARN_CONSTANT_CONVERSION = YES;
				CLANG_WARN_DEPRECATED_OBJC_IMPLEMENTATIONS = YES;
				CLANG_WARN_DIRECT_OBJC_ISA_USAGE = YES_ERROR;
				CLANG_WARN_DOCUMENTATION_COMMENTS = YES;
				CLANG_WARN_EMPTY_BODY = YES;
				CLANG_WARN_ENUM_CONVERSION = YES;
				CLANG_WARN_INFINITE_RECURSION = YES;
				CLANG_WARN_INT_CONVERSION = YES;
				CLANG_WARN_NON_LITERAL_NULL_CONVERSION = YES;
				CLANG_WARN_OBJC_IMPLICIT_RETAIN_SELF = YES;
				CLANG_WARN_OBJC_LITERAL_CONVERSION = YES;
				CLANG_WARN_OBJC_ROOT_CLASS = YES_ERROR;
				CLANG_WARN_QUOTED_INCLUDE_IN_FRAMEWORK_HEADER = YES;
				CLANG_WARN_RANGE_LOOP_ANALYSIS = YES;
				CLANG_WARN_STRICT_PROTOTYPES = YES;
				CLANG_WARN_SUSPICIOUS_MOVE = YES;
				CLANG_WARN_UNGUARDED_AVAILABILITY = YES_AGGRESSIVE;
				CLANG_WARN_UNREACHABLE_CODE = YES;
				CLANG_WARN__DUPLICATE_METHOD_MATCH = YES;
				COPY_PHASE_STRIP = NO;
				DEBUG_INFORMATION_FORMAT = dwarf;
				DEVELOPMENT_TEAM = USBAK5HKC6;
				ENABLE_STRICT_OBJC_MSGSEND = YES;
				ENABLE_TESTABILITY = YES;
				ENABLE_USER_SCRIPT_SANDBOXING = YES;
				GCC_C_LANGUAGE_STANDARD = gnu17;
				GCC_DYNAMIC_NO_PIC = NO;
				GCC_NO_COMMON_BLOCKS = YES;
				GCC_OPTIMIZATION_LEVEL = 0;
				GCC_PREPROCESSOR_DEFINITIONS = (
					"DEBUG=1",
					"$(inherited)",
				);
				GCC_WARN_64_TO_32_BIT_CONVERSION = YES;
				GCC_WARN_ABOUT_RETURN_TYPE = YES_ERROR;
				GCC_WARN_UNDECLARED_SELECTOR = YES;
				GCC_WARN_UNINITIALIZED_AUTOS = YES_AGGRESSIVE;
				GCC_WARN_UNUSED_FUNCTION = YES;
				GCC_WARN_UNUSED_VARIABLE = YES;
				IPHONEOS_DEPLOYMENT_TARGET = 26.2;
				LOCALIZATION_PREFERS_STRING_CATALOGS = YES;
				MTL_ENABLE_DEBUG_INFO = INCLUDE_SOURCE;
				MTL_FAST_MATH = YES;
				ONLY_ACTIVE_ARCH = YES;
				SDKROOT = iphoneos;
				STRING_CATALOG_GENERATE_SYMBOLS = YES;
				SWIFT_ACTIVE_COMPILATION_CONDITIONS = "DEBUG $(inherited)";
				SWIFT_OPTIMIZATION_LEVEL = "-Onone";
			};
			name = Debug;
		};
		474BFB822F3C825C006E639B /* Release */ = {
			isa = XCBuildConfiguration;
			buildSettings = {
				ALWAYS_SEARCH_USER_PATHS = NO;
				ASSETCATALOG_COMPILER_GENERATE_SWIFT_ASSET_SYMBOL_EXTENSIONS = YES;
				CLANG_ANALYZER_NONNULL = YES;
				CLANG_ANALYZER_NUMBER_OBJECT_CONVERSION = YES_AGGRESSIVE;
				CLANG_CXX_LANGUAGE_STANDARD = "gnu++20";
				CLANG_ENABLE_MODULES = YES;
				CLANG_ENABLE_OBJC_ARC = YES;
				CLANG_ENABLE_OBJC_WEAK = YES;
				CLANG_WARN_BLOCK_CAPTURE_AUTORELEASING = YES;
				CLANG_WARN_BOOL_CONVERSION = YES;
				CLANG_WARN_COMMA = YES;
				CLANG_WARN_CONSTANT_CONVERSION = YES;
				CLANG_WARN_DEPRECATED_OBJC_IMPLEMENTATIONS = YES;
				CLANG_WARN_DIRECT_OBJC_ISA_USAGE = YES_ERROR;
				CLANG_WARN_DOCUMENTATION_COMMENTS = YES;
				CLANG_WARN_EMPTY_BODY = YES;
				CLANG_WARN_ENUM_CONVERSION = YES;
				CLANG_WARN_INFINITE_RECURSION = YES;
				CLANG_WARN_INT_CONVERSION = YES;
				CLANG_WARN_NON_LITERAL_NULL_CONVERSION = YES;
				CLANG_WARN_OBJC_IMPLICIT_RETAIN_SELF = YES;
				CLANG_WARN_OBJC_LITERAL_CONVERSION = YES;
				CLANG_WARN_OBJC_ROOT_CLASS = YES_ERROR;
				CLANG_WARN_QUOTED_INCLUDE_IN_FRAMEWORK_HEADER = YES;
				CLANG_WARN_RANGE_LOOP_ANALYSIS = YES;
				CLANG_WARN_STRICT_PROTOTYPES = YES;
				CLANG_WARN_SUSPICIOUS_MOVE = YES;
				CLANG_WARN_UNGUARDED_AVAILABILITY = YES_AGGRESSIVE;
				CLANG_WARN_UNREACHABLE_CODE = YES;
				CLANG_WARN__DUPLICATE_METHOD_MATCH = YES;
				COPY_PHASE_STRIP = NO;
				DEBUG_INFORMATION_FORMAT = "dwarf-with-dsym";
				DEVELOPMENT_TEAM = USBAK5HKC6;
				ENABLE_NS_ASSERTIONS = NO;
				ENABLE_STRICT_OBJC_MSGSEND = YES;
				ENABLE_USER_SCRIPT_SANDBOXING = YES;
				GCC_C_LANGUAGE_STANDARD = gnu17;
				GCC_NO_COMMON_BLOCKS = YES;
				GCC_WARN_64_TO_32_BIT_CONVERSION = YES;
				GCC_WARN_ABOUT_RETURN_TYPE = YES_ERROR;
				GCC_WARN_UNDECLARED_SELECTOR = YES;
				GCC_WARN_UNINITIALIZED_AUTOS = YES_AGGRESSIVE;
				GCC_WARN_UNUSED_FUNCTION = YES;
				GCC_WARN_UNUSED_VARIABLE = YES;
				IPHONEOS_DEPLOYMENT_TARGET = 26.2;
				LOCALIZATION_PREFERS_STRING_CATALOGS = YES;
				MTL_ENABLE_DEBUG_INFO = NO;
				MTL_FAST_MATH = YES;
				SDKROOT = iphoneos;
				STRING_CATALOG_GENERATE_SYMBOLS = YES;
				SWIFT_COMPILATION_MODE = wholemodule;
				VALIDATE_PRODUCT = YES;
			};
			name = Release;
		};
		474BFB842F3C825C006E639B /* Debug */ = {
			isa = XCBuildConfiguration;
			buildSettings = {
				ASSETCATALOG_COMPILER_APPICON_NAME = AppIcon;
				ASSETCATALOG_COMPILER_GLOBAL_ACCENT_COLOR_NAME = AccentColor;
				CODE_SIGN_ENTITLEMENTS = SwipeLingo/SwipeLingo.entitlements;
				CODE_SIGN_STYLE = Automatic;
				CURRENT_PROJECT_VERSION = 1;
				DEVELOPMENT_TEAM = USBAK5HKC6;
				ENABLE_PREVIEWS = YES;
				GENERATE_INFOPLIST_FILE = YES;
				INFOPLIST_KEY_UIApplicationSceneManifest_Generation = YES;
				INFOPLIST_KEY_UIApplicationSupportsIndirectInputEvents = YES;
				INFOPLIST_KEY_UILaunchScreen_Generation = YES;
				INFOPLIST_KEY_UISupportedInterfaceOrientations_iPad = "UIInterfaceOrientationPortrait UIInterfaceOrientationPortraitUpsideDown UIInterfaceOrientationLandscapeLeft UIInterfaceOrientationLandscapeRight";
				INFOPLIST_KEY_UISupportedInterfaceOrientations_iPhone = "UIInterfaceOrientationPortrait UIInterfaceOrientationLandscapeLeft UIInterfaceOrientationLandscapeRight";
				IPHONEOS_DEPLOYMENT_TARGET = 18.0;
				LD_RUNPATH_SEARCH_PATHS = (
					"$(inherited)",
					"@executable_path/Frameworks",
				);
				MARKETING_VERSION = 1.0;
				PRODUCT_BUNDLE_IDENTIFIER = PELSH.SwipeLingo;
				PRODUCT_NAME = "$(TARGET_NAME)";
				STRING_CATALOG_GENERATE_SYMBOLS = YES;
				SUPPORTED_PLATFORMS = "iphoneos iphonesimulator";
				SUPPORTS_MACCATALYST = NO;
				SUPPORTS_MAC_DESIGNED_FOR_IPHONE_IPAD = NO;
				SUPPORTS_XR_DESIGNED_FOR_IPHONE_IPAD = NO;
				SWIFT_APPROACHABLE_CONCURRENCY = YES;
				SWIFT_DEFAULT_ACTOR_ISOLATION = MainActor;
				SWIFT_EMIT_LOC_STRINGS = YES;
				SWIFT_UPCOMING_FEATURE_MEMBER_IMPORT_VISIBILITY = YES;
				SWIFT_VERSION = 5.0;
				TARGETED_DEVICE_FAMILY = "1,2";
			};
			name = Debug;
		};
		474BFB852F3C825C006E639B /* Release */ = {
			isa = XCBuildConfiguration;
			buildSettings = {
				ASSETCATALOG_COMPILER_APPICON_NAME = AppIcon;
				ASSETCATALOG_COMPILER_GLOBAL_ACCENT_COLOR_NAME = AccentColor;
				CODE_SIGN_ENTITLEMENTS = SwipeLingo/SwipeLingo.entitlements;
				CODE_SIGN_STYLE = Automatic;
				CURRENT_PROJECT_VERSION = 1;
				DEVELOPMENT_TEAM = USBAK5HKC6;
				ENABLE_PREVIEWS = YES;
				GENERATE_INFOPLIST_FILE = YES;
				INFOPLIST_KEY_UIApplicationSceneManifest_Generation = YES;
				INFOPLIST_KEY_UIApplicationSupportsIndirectInputEvents = YES;
				INFOPLIST_KEY_UILaunchScreen_Generation = YES;
				INFOPLIST_KEY_UISupportedInterfaceOrientations_iPad = "UIInterfaceOrientationPortrait UIInterfaceOrientationPortraitUpsideDown UIInterfaceOrientationLandscapeLeft UIInterfaceOrientationLandscapeRight";
				INFOPLIST_KEY_UISupportedInterfaceOrientations_iPhone = "UIInterfaceOrientationPortrait UIInterfaceOrientationLandscapeLeft UIInterfaceOrientationLandscapeRight";
				IPHONEOS_DEPLOYMENT_TARGET = 18.0;
				LD_RUNPATH_SEARCH_PATHS = (
					"$(inherited)",
					"@executable_path/Frameworks",
				);
				MARKETING_VERSION = 1.0;
				PRODUCT_BUNDLE_IDENTIFIER = PELSH.SwipeLingo;
				PRODUCT_NAME = "$(TARGET_NAME)";
				STRING_CATALOG_GENERATE_SYMBOLS = YES;
				SUPPORTED_PLATFORMS = "iphoneos iphonesimulator";
				SUPPORTS_MACCATALYST = NO;
				SUPPORTS_MAC_DESIGNED_FOR_IPHONE_IPAD = NO;
				SUPPORTS_XR_DESIGNED_FOR_IPHONE_IPAD = NO;
				SWIFT_APPROACHABLE_CONCURRENCY = YES;
				SWIFT_DEFAULT_ACTOR_ISOLATION = MainActor;
				SWIFT_EMIT_LOC_STRINGS = YES;
				SWIFT_UPCOMING_FEATURE_MEMBER_IMPORT_VISIBILITY = YES;
				SWIFT_VERSION = 5.0;
				TARGETED_DEVICE_FAMILY = "1,2";
			};
			name = Release;
		};
		474BFB872F3C825C006E639B /* Debug */ = {
			isa = XCBuildConfiguration;
			buildSettings = {
				BUNDLE_LOADER = "$(TEST_HOST)";
				CODE_SIGN_STYLE = Automatic;
				CURRENT_PROJECT_VERSION = 1;
				DEVELOPMENT_TEAM = USBAK5HKC6;
				GENERATE_INFOPLIST_FILE = YES;
				IPHONEOS_DEPLOYMENT_TARGET = 18.0;
				MARKETING_VERSION = 1.0;
				PRODUCT_BUNDLE_IDENTIFIER = PELSH.SwipeLingoTests;
				PRODUCT_NAME = "$(TARGET_NAME)";
				STRING_CATALOG_GENERATE_SYMBOLS = NO;
				SUPPORTED_PLATFORMS = "iphoneos iphonesimulator";
				SUPPORTS_MACCATALYST = NO;
				SUPPORTS_MAC_DESIGNED_FOR_IPHONE_IPAD = NO;
				SUPPORTS_XR_DESIGNED_FOR_IPHONE_IPAD = NO;
				SWIFT_APPROACHABLE_CONCURRENCY = YES;
				SWIFT_EMIT_LOC_STRINGS = NO;
				SWIFT_UPCOMING_FEATURE_MEMBER_IMPORT_VISIBILITY = YES;
				SWIFT_VERSION = 5.0;
				TARGETED_DEVICE_FAMILY = "1,2";
				TEST_HOST = "$(BUILT_PRODUCTS_DIR)/SwipeLingo.app/$(BUNDLE_EXECUTABLE_FOLDER_PATH)/SwipeLingo";
			};
			name = Debug;
		};
		474BFB882F3C825C006E639B /* Release */ = {
			isa = XCBuildConfiguration;
			buildSettings = {
				BUNDLE_LOADER = "$(TEST_HOST)";
				CODE_SIGN_STYLE = Automatic;
				CURRENT_PROJECT_VERSION = 1;
				DEVELOPMENT_TEAM = USBAK5HKC6;
				GENERATE_INFOPLIST_FILE = YES;
				IPHONEOS_DEPLOYMENT_TARGET = 18.0;
				MARKETING_VERSION = 1.0;
				PRODUCT_BUNDLE_IDENTIFIER = PELSH.SwipeLingoTests;
				PRODUCT_NAME = "$(TARGET_NAME)";
				STRING_CATALOG_GENERATE_SYMBOLS = NO;
				SUPPORTED_PLATFORMS = "iphoneos iphonesimulator";
				SUPPORTS_MACCATALYST = NO;
				SUPPORTS_MAC_DESIGNED_FOR_IPHONE_IPAD = NO;
				SUPPORTS_XR_DESIGNED_FOR_IPHONE_IPAD = NO;
				SWIFT_APPROACHABLE_CONCURRENCY = YES;
				SWIFT_EMIT_LOC_STRINGS = NO;
				SWIFT_UPCOMING_FEATURE_MEMBER_IMPORT_VISIBILITY = YES;
				SWIFT_VERSION = 5.0;
				TARGETED_DEVICE_FAMILY = "1,2";
				TEST_HOST = "$(BUILT_PRODUCTS_DIR)/SwipeLingo.app/$(BUNDLE_EXECUTABLE_FOLDER_PATH)/SwipeLingo";
			};
			name = Release;
		};
		474BFB8A2F3C825C006E639B /* Debug */ = {
			isa = XCBuildConfiguration;
			buildSettings = {
				CODE_SIGN_STYLE = Automatic;
				CURRENT_PROJECT_VERSION = 1;
				DEVELOPMENT_TEAM = USBAK5HKC6;
				GENERATE_INFOPLIST_FILE = YES;
				IPHONEOS_DEPLOYMENT_TARGET = 18.0;
				MARKETING_VERSION = 1.0;
				PRODUCT_BUNDLE_IDENTIFIER = PELSH.SwipeLingoUITests;
				PRODUCT_NAME = "$(TARGET_NAME)";
				STRING_CATALOG_GENERATE_SYMBOLS = NO;
				SUPPORTED_PLATFORMS = "iphoneos iphonesimulator";
				SUPPORTS_MACCATALYST = NO;
				SUPPORTS_MAC_DESIGNED_FOR_IPHONE_IPAD = NO;
				SUPPORTS_XR_DESIGNED_FOR_IPHONE_IPAD = NO;
				SWIFT_APPROACHABLE_CONCURRENCY = YES;
				SWIFT_EMIT_LOC_STRINGS = NO;
				SWIFT_UPCOMING_FEATURE_MEMBER_IMPORT_VISIBILITY = YES;
				SWIFT_VERSION = 5.0;
				TARGETED_DEVICE_FAMILY = "1,2";
				TEST_TARGET_NAME = SwipeLingo;
			};
			name = Debug;
		};
		474BFB8B2F3C825C006E639B /* Release */ = {
			isa = XCBuildConfiguration;
			buildSettings = {
				CODE_SIGN_STYLE = Automatic;
				CURRENT_PROJECT_VERSION = 1;
				DEVELOPMENT_TEAM = USBAK5HKC6;
				GENERATE_INFOPLIST_FILE = YES;
				IPHONEOS_DEPLOYMENT_TARGET = 18.0;
				MARKETING_VERSION = 1.0;
				PRODUCT_BUNDLE_IDENTIFIER = PELSH.SwipeLingoUITests;
				PRODUCT_NAME = "$(TARGET_NAME)";
				STRING_CATALOG_GENERATE_SYMBOLS = NO;
				SUPPORTED_PLATFORMS = "iphoneos iphonesimulator";
				SUPPORTS_MACCATALYST = NO;
				SUPPORTS_MAC_DESIGNED_FOR_IPHONE_IPAD = NO;
				SUPPORTS_XR_DESIGNED_FOR_IPHONE_IPAD = NO;
				SWIFT_APPROACHABLE_CONCURRENCY = YES;
				SWIFT_EMIT_LOC_STRINGS = NO;
				SWIFT_UPCOMING_FEATURE_MEMBER_IMPORT_VISIBILITY = YES;
				SWIFT_VERSION = 5.0;
				TARGETED_DEVICE_FAMILY = "1,2";
				TEST_TARGET_NAME = SwipeLingo;
			};
			name = Release;
		};
		478C78052F7902F4005FBDFE /* Debug */ = {
			isa = XCBuildConfiguration;
			buildSettings = {
				CODE_SIGN_ENTITLEMENTS = SwipeLingoShare/SwipeLingoShare.entitlements;
				CODE_SIGN_STYLE = Automatic;
				CURRENT_PROJECT_VERSION = 1;
				DEVELOPMENT_TEAM = USBAK5HKC6;
				GENERATE_INFOPLIST_FILE = YES;
				INFOPLIST_FILE = SwipeLingoShare/Info.plist;
				INFOPLIST_KEY_CFBundleDisplayName = SwipeLingoShare;
				INFOPLIST_KEY_NSHumanReadableCopyright = "";
				IPHONEOS_DEPLOYMENT_TARGET = 18.0;
				LD_RUNPATH_SEARCH_PATHS = (
					"$(inherited)",
					"@executable_path/Frameworks",
					"@executable_path/../../Frameworks",
				);
				MARKETING_VERSION = 1.0;
				PRODUCT_BUNDLE_IDENTIFIER = PELSH.SwipeLingo.SwipeLingoShare;
				PRODUCT_NAME = "$(TARGET_NAME)";
				SKIP_INSTALL = YES;
				STRING_CATALOG_GENERATE_SYMBOLS = YES;
				SUPPORTED_PLATFORMS = "iphoneos iphonesimulator";
				SUPPORTS_MACCATALYST = NO;
				SUPPORTS_MAC_DESIGNED_FOR_IPHONE_IPAD = NO;
				SUPPORTS_XR_DESIGNED_FOR_IPHONE_IPAD = NO;
				SWIFT_APPROACHABLE_CONCURRENCY = YES;
				SWIFT_EMIT_LOC_STRINGS = YES;
				SWIFT_UPCOMING_FEATURE_MEMBER_IMPORT_VISIBILITY = YES;
				SWIFT_VERSION = 5.0;
				TARGETED_DEVICE_FAMILY = "1,2";
			};
			name = Debug;
		};
		478C78062F7902F4005FBDFE /* Release */ = {
			isa = XCBuildConfiguration;
			buildSettings = {
				CODE_SIGN_ENTITLEMENTS = SwipeLingoShare/SwipeLingoShare.entitlements;
				CODE_SIGN_STYLE = Automatic;
				CURRENT_PROJECT_VERSION = 1;
				DEVELOPMENT_TEAM = USBAK5HKC6;
				GENERATE_INFOPLIST_FILE = YES;
				INFOPLIST_FILE = SwipeLingoShare/Info.plist;
				INFOPLIST_KEY_CFBundleDisplayName = SwipeLingoShare;
				INFOPLIST_KEY_NSHumanReadableCopyright = "";
				IPHONEOS_DEPLOYMENT_TARGET = 18.0;
				LD_RUNPATH_SEARCH_PATHS = (
					"$(inherited)",
					"@executable_path/Frameworks",
					"@executable_path/../../Frameworks",
				);
				MARKETING_VERSION = 1.0;
				PRODUCT_BUNDLE_IDENTIFIER = PELSH.SwipeLingo.SwipeLingoShare;
				PRODUCT_NAME = "$(TARGET_NAME)";
				SKIP_INSTALL = YES;
				STRING_CATALOG_GENERATE_SYMBOLS = YES;
				SUPPORTED_PLATFORMS = "iphoneos iphonesimulator";
				SUPPORTS_MACCATALYST = NO;
				SUPPORTS_MAC_DESIGNED_FOR_IPHONE_IPAD = NO;
				SUPPORTS_XR_DESIGNED_FOR_IPHONE_IPAD = NO;
				SWIFT_APPROACHABLE_CONCURRENCY = YES;
				SWIFT_EMIT_LOC_STRINGS = YES;
				SWIFT_UPCOMING_FEATURE_MEMBER_IMPORT_VISIBILITY = YES;
				SWIFT_VERSION = 5.0;
				TARGETED_DEVICE_FAMILY = "1,2";
			};
			name = Release;
		};
/* End XCBuildConfiguration section */

/* Begin XCConfigurationList section */
		474BFB5D2F3C8255006E639B /* Build configuration list for PBXProject "SwipeLingo" */ = {
			isa = XCConfigurationList;
			buildConfigurations = (
				474BFB812F3C825C006E639B /* Debug */,
				474BFB822F3C825C006E639B /* Release */,
			);
			defaultConfigurationIsVisible = 0;
			defaultConfigurationName = Release;
		};
		474BFB832F3C825C006E639B /* Build configuration list for PBXNativeTarget "SwipeLingo" */ = {
			isa = XCConfigurationList;
			buildConfigurations = (
				474BFB842F3C825C006E639B /* Debug */,
				474BFB852F3C825C006E639B /* Release */,
			);
			defaultConfigurationIsVisible = 0;
			defaultConfigurationName = Release;
		};
		474BFB862F3C825C006E639B /* Build configuration list for PBXNativeTarget "SwipeLingoTests" */ = {
			isa = XCConfigurationList;
			buildConfigurations = (
				474BFB872F3C825C006E639B /* Debug */,
				474BFB882F3C825C006E639B /* Release */,
			);
			defaultConfigurationIsVisible = 0;
			defaultConfigurationName = Release;
		};
		474BFB892F3C825C006E639B /* Build configuration list for PBXNativeTarget "SwipeLingoUITests" */ = {
			isa = XCConfigurationList;
			buildConfigurations = (
				474BFB8A2F3C825C006E639B /* Debug */,
				474BFB8B2F3C825C006E639B /* Release */,
			);
			defaultConfigurationIsVisible = 0;
			defaultConfigurationName = Release;
		};
		478C78042F7902F4005FBDFE /* Build configuration list for PBXNativeTarget "SwipeLingoShare" */ = {
			isa = XCConfigurationList;
			buildConfigurations = (
				478C78052F7902F4005FBDFE /* Debug */,
				478C78062F7902F4005FBDFE /* Release */,
			);
			defaultConfigurationIsVisible = 0;
			defaultConfigurationName = Release;
		};
/* End XCConfigurationList section */
	};
	rootObject = 474BFB5A2F3C8255006E639B /* Project object */;
}
